PODS:
  - Alamofire (4.5.0)
  - AlamofireImage (3.2.0):
    - Alamofire (~> 4.1)
  - Bolts (1.8.4):
    - Bolts/AppLinks (= 1.8.4)
    - Bolts/Tasks (= 1.8.4)
  - Bolts/AppLinks (1.8.4):
    - Bolts/Tasks
  - Bolts/Tasks (1.8.4)
  - FBSDKCoreKit (4.25.0):
    - Bolts (~> 1.7)
  - FBSDKLoginKit (4.25.0):
    - FBSDKCoreKit
  - FBSDKShareKit (4.25.0):
    - FBSDKCoreKit
  - HanekeSwift (0.10.1)
  - SVProgressHUD (2.1.2)
  - SwiftyCam (2.4.0)

DEPENDENCIES:
  - Alamofire (~> 4.5)
  - AlamofireImage (~> 3.2)
  - FBSDKCoreKit
  - FBSDKLoginKit
  - FBSDKShareKit
  - HanekeSwift (from `https://github.com/jasonnoahchoi/HanekeSwift`, branch `swift3`)
  - SVProgressHUD
  - SwiftyCam

EXTERNAL SOURCES:
  HanekeSwift:
    :branch: swift3
    :git: https://github.com/jasonnoahchoi/HanekeSwift

CHECKOUT OPTIONS:
  HanekeSwift:
    :commit: 8571f0285ae7daa578866e50bc36cc85946e9ae8
    :git: https://github.com/jasonnoahchoi/HanekeSwift

SPEC CHECKSUMS:
  Alamofire: f28cdffd29de33a7bfa022cbd63ae95a27fae140
  AlamofireImage: 157ed682cc81d3b9db4fb90c1f12180ac552d93b
  Bolts: 8a7995239dbe724f9cba2248b766d48b7ebdd322
  FBSDKCoreKit: 53e3f4bfb64e80c5f229dd30ae33ff57fbbbd2d1
  FBSDKLoginKit: f628c09684dae9c17f071cf90b014e886f5093ea
  FBSDKShareKit: aea699d3cac749af08e360f4e949b82ffa8813f5
  HanekeSwift: 4113367892828e7700d24a384027de6ebc79aad1
  SVProgressHUD: c404a55d78acbeb7ebb78b76d3faf986475a6994
  SwiftyCam: cb83b9a8e181f70fb741d30cea724c6b045a4549

PODFILE CHECKSUM: d387a837dda1ff7658280fcf9685b5b82fa800cb

COCOAPODS: 1.2.1.rc.1
