// !$*UTF8*$!
{
	archiveVersion = 1;
	classes = {
	};
	objectVersion = 46;
	objects = {

/* Begin PBXBuildFile section */
		51B8CAB41F46A72B00E701A1 /* Geohash.swift in Sources */ = {isa = PBXBuildFile; fileRef = 51B8CAB31F46A72B00E701A1 /* Geohash.swift */; };
		51B8CAB61F46AE9A00E701A1 /* BaseViewController.swift in Sources */ = {isa = PBXBuildFile; fileRef = 51B8CAB51F46AE9A00E701A1 /* BaseViewController.swift */; };
		51B8CAB81F46AF7000E701A1 /* DefineData.swift in Sources */ = {isa = PBXBuildFile; fileRef = 51B8CAB71F46AF7000E701A1 /* DefineData.swift */; };
		51B8CABB1F46B0AF00E701A1 /* UserModel.swift in Sources */ = {isa = PBXBuildFile; fileRef = 51B8CABA1F46B0AF00E701A1 /* UserModel.swift */; };
		51B8CABD1F46B0E800E701A1 /* Utility_AkeKit.swift in Sources */ = {isa = PBXBuildFile; fileRef = 51B8CABC1F46B0E800E701A1 /* Utility_AkeKit.swift */; };
		CD06B6421F4EB10E00FD0C51 /* SwiftyRecordButton.swift in Sources */ = {isa = PBXBuildFile; fileRef = CD06B6411F4EB10E00FD0C51 /* SwiftyRecordButton.swift */; };
		CD0FE6301F4EB221007049B2 /* VideoViewController.swift in Sources */ = {isa = PBXBuildFile; fileRef = CD9765FD1F46B5D600A62917 /* VideoViewController.swift */; };
		CD1383411F53AAE300CB049E /* SwiftyCamButton.swift in Sources */ = {isa = PBXBuildFile; fileRef = CD1383401F53AAE300CB049E /* SwiftyCamButton.swift */; };
		CD24F4C21F46D2F1001FBA86 /* VideoViewController.xib in Resources */ = {isa = PBXBuildFile; fileRef = CD24F4C11F46D2F1001FBA86 /* VideoViewController.xib */; };
		CD24F4C51F46D97A001FBA86 /* LoginVC.swift in Sources */ = {isa = PBXBuildFile; fileRef = CD24F4C31F46D97A001FBA86 /* LoginVC.swift */; };
		CD24F4C61F46D97A001FBA86 /* LoginVC.xib in Resources */ = {isa = PBXBuildFile; fileRef = CD24F4C41F46D97A001FBA86 /* LoginVC.xib */; };
		CD3DB4771F45664D00A0F0F8 /* AppDelegate.swift in Sources */ = {isa = PBXBuildFile; fileRef = CD3DB4761F45664D00A0F0F8 /* AppDelegate.swift */; };
		CD3DB47C1F45664D00A0F0F8 /* Main.storyboard in Resources */ = {isa = PBXBuildFile; fileRef = CD3DB47A1F45664D00A0F0F8 /* Main.storyboard */; };
		CD3DB47E1F45664D00A0F0F8 /* Assets.xcassets in Resources */ = {isa = PBXBuildFile; fileRef = CD3DB47D1F45664D00A0F0F8 /* Assets.xcassets */; };
		CD3DB4811F45664D00A0F0F8 /* LaunchScreen.storyboard in Resources */ = {isa = PBXBuildFile; fileRef = CD3DB47F1F45664D00A0F0F8 /* LaunchScreen.storyboard */; };
		CD571EC51F457E6F00ECB9C8 /* (null) in Sources */ = {isa = PBXBuildFile; };
		CD571EC61F457E6F00ECB9C8 /* (null) in Resources */ = {isa = PBXBuildFile; };
		CD571ECB1F457EC000ECB9C8 /* PostVC.swift in Sources */ = {isa = PBXBuildFile; fileRef = CD571EC91F457EC000ECB9C8 /* PostVC.swift */; };
		CD571ECC1F457EC000ECB9C8 /* PostVC.xib in Resources */ = {isa = PBXBuildFile; fileRef = CD571ECA1F457EC000ECB9C8 /* PostVC.xib */; };
		CD571ECF1F457ED800ECB9C8 /* MyProfileVC.swift in Sources */ = {isa = PBXBuildFile; fileRef = CD571ECD1F457ED800ECB9C8 /* MyProfileVC.swift */; };
		CD571ED01F457ED800ECB9C8 /* MyProfileVC.xib in Resources */ = {isa = PBXBuildFile; fileRef = CD571ECE1F457ED800ECB9C8 /* MyProfileVC.xib */; };
		CD571ED71F45837400ECB9C8 /* MapVC.swift in Sources */ = {isa = PBXBuildFile; fileRef = CD571ED51F45837400ECB9C8 /* MapVC.swift */; };
		CD571ED81F45837400ECB9C8 /* MapVC.xib in Resources */ = {isa = PBXBuildFile; fileRef = CD571ED61F45837400ECB9C8 /* MapVC.xib */; };
		CD571EDF1F4585A600ECB9C8 /* HomeVC.swift in Sources */ = {isa = PBXBuildFile; fileRef = CD571EDD1F4585A600ECB9C8 /* HomeVC.swift */; };
		CD571EE01F4585A600ECB9C8 /* HomeVC.xib in Resources */ = {isa = PBXBuildFile; fileRef = CD571EDE1F4585A600ECB9C8 /* HomeVC.xib */; };
		CD7A89B91F4C2C79000966FE /* PostProfileViewController.swift in Sources */ = {isa = PBXBuildFile; fileRef = CD7A89B71F4C2C79000966FE /* PostProfileViewController.swift */; };
		CD7A89BA1F4C2C79000966FE /* PostProfileViewController.xib in Resources */ = {isa = PBXBuildFile; fileRef = CD7A89B81F4C2C79000966FE /* PostProfileViewController.xib */; };
		CD81792E1F529248007BDD60 /* PostDummyVC.swift in Sources */ = {isa = PBXBuildFile; fileRef = CD81792C1F529248007BDD60 /* PostDummyVC.swift */; };
		CD81792F1F529248007BDD60 /* PostDummyVC.xib in Resources */ = {isa = PBXBuildFile; fileRef = CD81792D1F529248007BDD60 /* PostDummyVC.xib */; };
		CD9766011F46B5D600A62917 /* PhotoViewController.swift in Sources */ = {isa = PBXBuildFile; fileRef = CD9765FE1F46B5D600A62917 /* PhotoViewController.swift */; };
		CDDC923F1F4D262100A7EDE7 /* GoogleService-Info.plist in Resources */ = {isa = PBXBuildFile; fileRef = CDDC923E1F4D262100A7EDE7 /* GoogleService-Info.plist */; };
		CDDC92421F4D2A9700A7EDE7 /* User.swift in Sources */ = {isa = PBXBuildFile; fileRef = CDDC92411F4D2A9700A7EDE7 /* User.swift */; };
		CDDC92441F4D2AEE00A7EDE7 /* PostContent.swift in Sources */ = {isa = PBXBuildFile; fileRef = CDDC92431F4D2AEE00A7EDE7 /* PostContent.swift */; };
		CF6CEC02EBF880DF649857F0 /* Pods_yellow.framework in Frameworks */ = {isa = PBXBuildFile; fileRef = B9E88B4F2083490B48879FED /* Pods_yellow.framework */; };
/* End PBXBuildFile section */

/* Begin PBXFileReference section */
		51B8CAB31F46A72B00E701A1 /* Geohash.swift */ = {isa = PBXFileReference; fileEncoding = 4; lastKnownFileType = sourcecode.swift; path = Geohash.swift; sourceTree = "<group>"; };
		51B8CAB51F46AE9A00E701A1 /* BaseViewController.swift */ = {isa = PBXFileReference; fileEncoding = 4; lastKnownFileType = sourcecode.swift; path = BaseViewController.swift; sourceTree = "<group>"; };
		51B8CAB71F46AF7000E701A1 /* DefineData.swift */ = {isa = PBXFileReference; fileEncoding = 4; lastKnownFileType = sourcecode.swift; path = DefineData.swift; sourceTree = "<group>"; };
		51B8CABA1F46B0AF00E701A1 /* UserModel.swift */ = {isa = PBXFileReference; fileEncoding = 4; lastKnownFileType = sourcecode.swift; path = UserModel.swift; sourceTree = "<group>"; };
		51B8CABC1F46B0E800E701A1 /* Utility_AkeKit.swift */ = {isa = PBXFileReference; fileEncoding = 4; lastKnownFileType = sourcecode.swift; path = Utility_AkeKit.swift; sourceTree = "<group>"; };
		874C4C8BCE9AABE422E6070C /* Pods-yellow.debug.xcconfig */ = {isa = PBXFileReference; includeInIndex = 1; lastKnownFileType = text.xcconfig; name = "Pods-yellow.debug.xcconfig"; path = "Pods/Target Support Files/Pods-yellow/Pods-yellow.debug.xcconfig"; sourceTree = "<group>"; };
		AFE0ACB1925F02142F6B8BAE /* Pods-yellow.release.xcconfig */ = {isa = PBXFileReference; includeInIndex = 1; lastKnownFileType = text.xcconfig; name = "Pods-yellow.release.xcconfig"; path = "Pods/Target Support Files/Pods-yellow/Pods-yellow.release.xcconfig"; sourceTree = "<group>"; };
		B9E88B4F2083490B48879FED /* Pods_yellow.framework */ = {isa = PBXFileReference; explicitFileType = wrapper.framework; includeInIndex = 0; path = Pods_yellow.framework; sourceTree = BUILT_PRODUCTS_DIR; };
		CD06B6411F4EB10E00FD0C51 /* SwiftyRecordButton.swift */ = {isa = PBXFileReference; fileEncoding = 4; lastKnownFileType = sourcecode.swift; path = SwiftyRecordButton.swift; sourceTree = "<group>"; };
		CD1383401F53AAE300CB049E /* SwiftyCamButton.swift */ = {isa = PBXFileReference; fileEncoding = 4; lastKnownFileType = sourcecode.swift; path = SwiftyCamButton.swift; sourceTree = "<group>"; };
		CD24F4C11F46D2F1001FBA86 /* VideoViewController.xib */ = {isa = PBXFileReference; fileEncoding = 4; lastKnownFileType = file.xib; path = VideoViewController.xib; sourceTree = "<group>"; };
		CD24F4C31F46D97A001FBA86 /* LoginVC.swift */ = {isa = PBXFileReference; fileEncoding = 4; lastKnownFileType = sourcecode.swift; path = LoginVC.swift; sourceTree = "<group>"; };
		CD24F4C41F46D97A001FBA86 /* LoginVC.xib */ = {isa = PBXFileReference; fileEncoding = 4; lastKnownFileType = file.xib; path = LoginVC.xib; sourceTree = "<group>"; };
		CD3DB4731F45664D00A0F0F8 /* yellow.app */ = {isa = PBXFileReference; explicitFileType = wrapper.application; includeInIndex = 0; path = yellow.app; sourceTree = BUILT_PRODUCTS_DIR; };
		CD3DB4761F45664D00A0F0F8 /* AppDelegate.swift */ = {isa = PBXFileReference; lastKnownFileType = sourcecode.swift; path = AppDelegate.swift; sourceTree = "<group>"; };
		CD3DB47B1F45664D00A0F0F8 /* Base */ = {isa = PBXFileReference; lastKnownFileType = file.storyboard; name = Base; path = Base.lproj/Main.storyboard; sourceTree = "<group>"; };
		CD3DB47D1F45664D00A0F0F8 /* Assets.xcassets */ = {isa = PBXFileReference; lastKnownFileType = folder.assetcatalog; path = Assets.xcassets; sourceTree = "<group>"; };
		CD3DB4801F45664D00A0F0F8 /* Base */ = {isa = PBXFileReference; lastKnownFileType = file.storyboard; name = Base; path = Base.lproj/LaunchScreen.storyboard; sourceTree = "<group>"; };
		CD3DB4821F45664D00A0F0F8 /* Info.plist */ = {isa = PBXFileReference; lastKnownFileType = text.plist.xml; path = Info.plist; sourceTree = "<group>"; };
		CD571EC91F457EC000ECB9C8 /* PostVC.swift */ = {isa = PBXFileReference; fileEncoding = 4; lastKnownFileType = sourcecode.swift; path = PostVC.swift; sourceTree = "<group>"; };
		CD571ECA1F457EC000ECB9C8 /* PostVC.xib */ = {isa = PBXFileReference; fileEncoding = 4; lastKnownFileType = file.xib; path = PostVC.xib; sourceTree = "<group>"; };
		CD571ECD1F457ED800ECB9C8 /* MyProfileVC.swift */ = {isa = PBXFileReference; fileEncoding = 4; lastKnownFileType = sourcecode.swift; path = MyProfileVC.swift; sourceTree = "<group>"; };
		CD571ECE1F457ED800ECB9C8 /* MyProfileVC.xib */ = {isa = PBXFileReference; fileEncoding = 4; lastKnownFileType = file.xib; path = MyProfileVC.xib; sourceTree = "<group>"; };
		CD571ED51F45837400ECB9C8 /* MapVC.swift */ = {isa = PBXFileReference; fileEncoding = 4; lastKnownFileType = sourcecode.swift; path = MapVC.swift; sourceTree = "<group>"; };
		CD571ED61F45837400ECB9C8 /* MapVC.xib */ = {isa = PBXFileReference; fileEncoding = 4; lastKnownFileType = file.xib; path = MapVC.xib; sourceTree = "<group>"; };
		CD571EDD1F4585A600ECB9C8 /* HomeVC.swift */ = {isa = PBXFileReference; fileEncoding = 4; lastKnownFileType = sourcecode.swift; path = HomeVC.swift; sourceTree = "<group>"; };
		CD571EDE1F4585A600ECB9C8 /* HomeVC.xib */ = {isa = PBXFileReference; fileEncoding = 4; lastKnownFileType = file.xib; path = HomeVC.xib; sourceTree = "<group>"; };
		CD7A89B71F4C2C79000966FE /* PostProfileViewController.swift */ = {isa = PBXFileReference; fileEncoding = 4; lastKnownFileType = sourcecode.swift; path = PostProfileViewController.swift; sourceTree = "<group>"; };
		CD7A89B81F4C2C79000966FE /* PostProfileViewController.xib */ = {isa = PBXFileReference; fileEncoding = 4; lastKnownFileType = file.xib; path = PostProfileViewController.xib; sourceTree = "<group>"; };
		CD81792C1F529248007BDD60 /* PostDummyVC.swift */ = {isa = PBXFileReference; fileEncoding = 4; lastKnownFileType = sourcecode.swift; path = PostDummyVC.swift; sourceTree = "<group>"; };
		CD81792D1F529248007BDD60 /* PostDummyVC.xib */ = {isa = PBXFileReference; fileEncoding = 4; lastKnownFileType = file.xib; path = PostDummyVC.xib; sourceTree = "<group>"; };
		CD9765FD1F46B5D600A62917 /* VideoViewController.swift */ = {isa = PBXFileReference; fileEncoding = 4; lastKnownFileType = sourcecode.swift; path = VideoViewController.swift; sourceTree = "<group>"; };
		CD9765FE1F46B5D600A62917 /* PhotoViewController.swift */ = {isa = PBXFileReference; fileEncoding = 4; lastKnownFileType = sourcecode.swift; path = PhotoViewController.swift; sourceTree = "<group>"; };
		CDDC923E1F4D262100A7EDE7 /* GoogleService-Info.plist */ = {isa = PBXFileReference; fileEncoding = 4; lastKnownFileType = text.plist.xml; path = "GoogleService-Info.plist"; sourceTree = "<group>"; };
		CDDC92411F4D2A9700A7EDE7 /* User.swift */ = {isa = PBXFileReference; fileEncoding = 4; lastKnownFileType = sourcecode.swift; path = User.swift; sourceTree = "<group>"; };
		CDDC92431F4D2AEE00A7EDE7 /* PostContent.swift */ = {isa = PBXFileReference; fileEncoding = 4; lastKnownFileType = sourcecode.swift; path = PostContent.swift; sourceTree = "<group>"; };
		CDDC92461F4D5AED00A7EDE7 /* BusinessService.swift */ = {isa = PBXFileReference; fileEncoding = 4; lastKnownFileType = sourcecode.swift; path = BusinessService.swift; sourceTree = "<group>"; };
		CDDC92481F4D5B4E00A7EDE7 /* pg.playground */ = {isa = PBXFileReference; lastKnownFileType = file.playground; path = pg.playground; sourceTree = "<group>"; };
/* End PBXFileReference section */

/* Begin PBXFrameworksBuildPhase section */
		CD3DB4701F45664D00A0F0F8 /* Frameworks */ = {
			isa = PBXFrameworksBuildPhase;
			buildActionMask = 2147483647;
			files = (
				CF6CEC02EBF880DF649857F0 /* Pods_yellow.framework in Frameworks */,
			);
			runOnlyForDeploymentPostprocessing = 0;
		};
/* End PBXFrameworksBuildPhase section */

/* Begin PBXGroup section */
		51B8CAB11F46A72B00E701A1 /* Library */ = {
			isa = PBXGroup;
			children = (
				51B8CABC1F46B0E800E701A1 /* Utility_AkeKit.swift */,
				51B8CAB21F46A72B00E701A1 /* Geohash */,
			);
			path = Library;
			sourceTree = "<group>";
		};
		51B8CAB21F46A72B00E701A1 /* Geohash */ = {
			isa = PBXGroup;
			children = (
				51B8CAB31F46A72B00E701A1 /* Geohash.swift */,
			);
			path = Geohash;
			sourceTree = "<group>";
		};
		51B8CAB91F46B0AF00E701A1 /* Model */ = {
			isa = PBXGroup;
			children = (
				51B8CABA1F46B0AF00E701A1 /* UserModel.swift */,
			);
			name = Model;
			path = yellow/Model;
			sourceTree = "<group>";
		};
		AB13A8837EAE38B10C6E0827 /* Frameworks */ = {
			isa = PBXGroup;
			children = (
				B9E88B4F2083490B48879FED /* Pods_yellow.framework */,
			);
			name = Frameworks;
			sourceTree = "<group>";
		};
		B5E9C0C4BCD4578F5E3B5F2E /* Pods */ = {
			isa = PBXGroup;
			children = (
				874C4C8BCE9AABE422E6070C /* Pods-yellow.debug.xcconfig */,
				AFE0ACB1925F02142F6B8BAE /* Pods-yellow.release.xcconfig */,
			);
			name = Pods;
			sourceTree = "<group>";
		};
		CD3DB46A1F45664D00A0F0F8 = {
			isa = PBXGroup;
			children = (
				CDDC92481F4D5B4E00A7EDE7 /* pg.playground */,
				CDDC92451F4D5ACF00A7EDE7 /* Services */,
				CDDC92401F4D2A7200A7EDE7 /* Models */,
				CD3DB4751F45664D00A0F0F8 /* yellow */,
				CD3DB4741F45664D00A0F0F8 /* Products */,
				B5E9C0C4BCD4578F5E3B5F2E /* Pods */,
				AB13A8837EAE38B10C6E0827 /* Frameworks */,
			);
			sourceTree = "<group>";
		};
		CD3DB4741F45664D00A0F0F8 /* Products */ = {
			isa = PBXGroup;
			children = (
				CD3DB4731F45664D00A0F0F8 /* yellow.app */,
			);
			name = Products;
			sourceTree = "<group>";
		};
		CD3DB4751F45664D00A0F0F8 /* yellow */ = {
			isa = PBXGroup;
			children = (
				CDDC923E1F4D262100A7EDE7 /* GoogleService-Info.plist */,
				CD7A89B61F4C2C55000966FE /* Post */,
				CD24F4C31F46D97A001FBA86 /* LoginVC.swift */,
				CD24F4C41F46D97A001FBA86 /* LoginVC.xib */,
				CD3DB4821F45664D00A0F0F8 /* Info.plist */,
				CD9766041F46B66800A62917 /* swiftyCam */,
				51B8CAB11F46A72B00E701A1 /* Library */,
				CD3DB4761F45664D00A0F0F8 /* AppDelegate.swift */,
				51B8CAB51F46AE9A00E701A1 /* BaseViewController.swift */,
				51B8CAB71F46AF7000E701A1 /* DefineData.swift */,
				CD3DB47A1F45664D00A0F0F8 /* Main.storyboard */,
				CD3DB47D1F45664D00A0F0F8 /* Assets.xcassets */,
				CD3DB47F1F45664D00A0F0F8 /* LaunchScreen.storyboard */,
				CD571EC91F457EC000ECB9C8 /* PostVC.swift */,
				CD571ECA1F457EC000ECB9C8 /* PostVC.xib */,
				CD571ECD1F457ED800ECB9C8 /* MyProfileVC.swift */,
				CD571ECE1F457ED800ECB9C8 /* MyProfileVC.xib */,
				CD571ED51F45837400ECB9C8 /* MapVC.swift */,
				CD571ED61F45837400ECB9C8 /* MapVC.xib */,
				CD571EDD1F4585A600ECB9C8 /* HomeVC.swift */,
				CD571EDE1F4585A600ECB9C8 /* HomeVC.xib */,
				CD81792C1F529248007BDD60 /* PostDummyVC.swift */,
				CD81792D1F529248007BDD60 /* PostDummyVC.xib */,
			);
			path = yellow;
			sourceTree = "<group>";
		};
		CD7A89B61F4C2C55000966FE /* Post */ = {
			isa = PBXGroup;
			children = (
				CD9765FD1F46B5D600A62917 /* VideoViewController.swift */,
				CD9765FE1F46B5D600A62917 /* PhotoViewController.swift */,
				CD24F4C11F46D2F1001FBA86 /* VideoViewController.xib */,
				CD7A89B71F4C2C79000966FE /* PostProfileViewController.swift */,
				CD7A89B81F4C2C79000966FE /* PostProfileViewController.xib */,
			);
			name = Post;
			sourceTree = "<group>";
		};
		CD9766041F46B66800A62917 /* swiftyCam */ = {
			isa = PBXGroup;
			children = (
				CD1383401F53AAE300CB049E /* SwiftyCamButton.swift */,
				CD06B6411F4EB10E00FD0C51 /* SwiftyRecordButton.swift */,
				51B8CAB91F46B0AF00E701A1 /* Model */,
			);
			name = swiftyCam;
			path = ..;
			sourceTree = "<group>";
		};
		CDDC92401F4D2A7200A7EDE7 /* Models */ = {
			isa = PBXGroup;
			children = (
				CDDC92411F4D2A9700A7EDE7 /* User.swift */,
				CDDC92431F4D2AEE00A7EDE7 /* PostContent.swift */,
			);
			name = Models;
			sourceTree = "<group>";
		};
		CDDC92451F4D5ACF00A7EDE7 /* Services */ = {
			isa = PBXGroup;
			children = (
				CDDC92461F4D5AED00A7EDE7 /* BusinessService.swift */,
			);
			name = Services;
			sourceTree = "<group>";
		};
/* End PBXGroup section */

/* Begin PBXNativeTarget section */
		CD3DB4721F45664D00A0F0F8 /* yellow */ = {
			isa = PBXNativeTarget;
			buildConfigurationList = CD3DB4851F45664D00A0F0F8 /* Build configuration list for PBXNativeTarget "yellow" */;
			buildPhases = (
				6FD0C5077D68875130EF2CA8 /* [CP] Check Pods Manifest.lock */,
				CD3DB46F1F45664D00A0F0F8 /* Sources */,
				CD3DB4701F45664D00A0F0F8 /* Frameworks */,
				CD3DB4711F45664D00A0F0F8 /* Resources */,
				0A8E5081AA02855DC6ABCD1B /* [CP] Embed Pods Frameworks */,
				7C7E73D05B393A43BEE0D0C9 /* [CP] Copy Pods Resources */,
			);
			buildRules = (
			);
			dependencies = (
			);
			name = yellow;
			productName = yellow;
			productReference = CD3DB4731F45664D00A0F0F8 /* yellow.app */;
			productType = "com.apple.product-type.application";
		};
/* End PBXNativeTarget section */

/* Begin PBXProject section */
		CD3DB46B1F45664D00A0F0F8 /* Project object */ = {
			isa = PBXProject;
			attributes = {
				LastSwiftUpdateCheck = 0830;
				LastUpgradeCheck = 0830;
				ORGANIZATIONNAME = 23;
				TargetAttributes = {
					CD3DB4721F45664D00A0F0F8 = {
						CreatedOnToolsVersion = 8.3.3;
						DevelopmentTeam = JGZC6Q8Q3Y;
						ProvisioningStyle = Automatic;
					};
				};
			};
			buildConfigurationList = CD3DB46E1F45664D00A0F0F8 /* Build configuration list for PBXProject "yellow" */;
			compatibilityVersion = "Xcode 3.2";
			developmentRegion = English;
			hasScannedForEncodings = 0;
			knownRegions = (
				en,
				Base,
			);
			mainGroup = CD3DB46A1F45664D00A0F0F8;
			productRefGroup = CD3DB4741F45664D00A0F0F8 /* Products */;
			projectDirPath = "";
			projectRoot = "";
			targets = (
				CD3DB4721F45664D00A0F0F8 /* yellow */,
			);
		};
/* End PBXProject section */

/* Begin PBXResourcesBuildPhase section */
		CD3DB4711F45664D00A0F0F8 /* Resources */ = {
			isa = PBXResourcesBuildPhase;
			buildActionMask = 2147483647;
			files = (
				CD24F4C61F46D97A001FBA86 /* LoginVC.xib in Resources */,
				CD7A89BA1F4C2C79000966FE /* PostProfileViewController.xib in Resources */,
				CD571ECC1F457EC000ECB9C8 /* PostVC.xib in Resources */,
				CD571ED81F45837400ECB9C8 /* MapVC.xib in Resources */,
				CD571EC61F457E6F00ECB9C8 /* (null) in Resources */,
				CDDC923F1F4D262100A7EDE7 /* GoogleService-Info.plist in Resources */,
				CD3DB4811F45664D00A0F0F8 /* LaunchScreen.storyboard in Resources */,
				CD571ED01F457ED800ECB9C8 /* MyProfileVC.xib in Resources */,
				CD571EE01F4585A600ECB9C8 /* HomeVC.xib in Resources */,
				CD3DB47E1F45664D00A0F0F8 /* Assets.xcassets in Resources */,
				CD81792F1F529248007BDD60 /* PostDummyVC.xib in Resources */,
				CD3DB47C1F45664D00A0F0F8 /* Main.storyboard in Resources */,
				CD24F4C21F46D2F1001FBA86 /* VideoViewController.xib in Resources */,
			);
			runOnlyForDeploymentPostprocessing = 0;
		};
/* End PBXResourcesBuildPhase section */

/* Begin PBXShellScriptBuildPhase section */
		0A8E5081AA02855DC6ABCD1B /* [CP] Embed Pods Frameworks */ = {
			isa = PBXShellScriptBuildPhase;
			buildActionMask = 2147483647;
			files = (
			);
			inputPaths = (
			);
			name = "[CP] Embed Pods Frameworks";
			outputPaths = (
			);
			runOnlyForDeploymentPostprocessing = 0;
			shellPath = /bin/sh;
			shellScript = "\"${SRCROOT}/Pods/Target Support Files/Pods-yellow/Pods-yellow-frameworks.sh\"\n";
			showEnvVarsInLog = 0;
		};
		6FD0C5077D68875130EF2CA8 /* [CP] Check Pods Manifest.lock */ = {
			isa = PBXShellScriptBuildPhase;
			buildActionMask = 2147483647;
			files = (
			);
			inputPaths = (
			);
			name = "[CP] Check Pods Manifest.lock";
			outputPaths = (
			);
			runOnlyForDeploymentPostprocessing = 0;
			shellPath = /bin/sh;
			shellScript = "diff \"${PODS_ROOT}/../Podfile.lock\" \"${PODS_ROOT}/Manifest.lock\" > /dev/null\nif [ $? != 0 ] ; then\n    # print error to STDERR\n    echo \"error: The sandbox is not in sync with the Podfile.lock. Run 'pod install' or update your CocoaPods installation.\" >&2\n    exit 1\nfi\n";
			showEnvVarsInLog = 0;
		};
		7C7E73D05B393A43BEE0D0C9 /* [CP] Copy Pods Resources */ = {
			isa = PBXShellScriptBuildPhase;
			buildActionMask = 2147483647;
			files = (
			);
			inputPaths = (
			);
			name = "[CP] Copy Pods Resources";
			outputPaths = (
			);
			runOnlyForDeploymentPostprocessing = 0;
			shellPath = /bin/sh;
			shellScript = "\"${SRCROOT}/Pods/Target Support Files/Pods-yellow/Pods-yellow-resources.sh\"\n";
			showEnvVarsInLog = 0;
		};
/* End PBXShellScriptBuildPhase section */

/* Begin PBXSourcesBuildPhase section */
		CD3DB46F1F45664D00A0F0F8 /* Sources */ = {
			isa = PBXSourcesBuildPhase;
			buildActionMask = 2147483647;
			files = (
				CD571ECF1F457ED800ECB9C8 /* MyProfileVC.swift in Sources */,
				CD571EDF1F4585A600ECB9C8 /* HomeVC.swift in Sources */,
				CD7A89B91F4C2C79000966FE /* PostProfileViewController.swift in Sources */,
				CDDC92441F4D2AEE00A7EDE7 /* PostContent.swift in Sources */,
				CD24F4C51F46D97A001FBA86 /* LoginVC.swift in Sources */,
				CD0FE6301F4EB221007049B2 /* VideoViewController.swift in Sources */,
				CD571EC51F457E6F00ECB9C8 /* (null) in Sources */,
				CD571EC51F457E6F00ECB9C8 /* (null) in Sources */,
				51B8CABD1F46B0E800E701A1 /* Utility_AkeKit.swift in Sources */,
				CD571ED71F45837400ECB9C8 /* MapVC.swift in Sources */,
				CD3DB4771F45664D00A0F0F8 /* AppDelegate.swift in Sources */,
				CD06B6421F4EB10E00FD0C51 /* SwiftyRecordButton.swift in Sources */,
				CD1383411F53AAE300CB049E /* SwiftyCamButton.swift in Sources */,
				51B8CAB61F46AE9A00E701A1 /* BaseViewController.swift in Sources */,
				51B8CAB81F46AF7000E701A1 /* DefineData.swift in Sources */,
				CD571ECB1F457EC000ECB9C8 /* PostVC.swift in Sources */,
				CD81792E1F529248007BDD60 /* PostDummyVC.swift in Sources */,
				CD9766011F46B5D600A62917 /* PhotoViewController.swift in Sources */,
				51B8CABB1F46B0AF00E701A1 /* UserModel.swift in Sources */,
				51B8CAB41F46A72B00E701A1 /* Geohash.swift in Sources */,
				CDDC92421F4D2A9700A7EDE7 /* User.swift in Sources */,
			);
			runOnlyForDeploymentPostprocessing = 0;
		};
/* End PBXSourcesBuildPhase section */

/* Begin PBXVariantGroup section */
		CD3DB47A1F45664D00A0F0F8 /* Main.storyboard */ = {
			isa = PBXVariantGroup;
			children = (
				CD3DB47B1F45664D00A0F0F8 /* Base */,
			);
			name = Main.storyboard;
			sourceTree = "<group>";
		};
		CD3DB47F1F45664D00A0F0F8 /* LaunchScreen.storyboard */ = {
			isa = PBXVariantGroup;
			children = (
				CD3DB4801F45664D00A0F0F8 /* Base */,
			);
			name = LaunchScreen.storyboard;
			sourceTree = "<group>";
		};
/* End PBXVariantGroup section */

/* Begin XCBuildConfiguration section */
		CD3DB4831F45664D00A0F0F8 /* Debug */ = {
			isa = XCBuildConfiguration;
			buildSettings = {
				ALWAYS_SEARCH_USER_PATHS = NO;
				CLANG_ANALYZER_NONNULL = YES;
				CLANG_ANALYZER_NUMBER_OBJECT_CONVERSION = YES_AGGRESSIVE;
				CLANG_CXX_LANGUAGE_STANDARD = "gnu++0x";
				CLANG_CXX_LIBRARY = "libc++";
				CLANG_ENABLE_MODULES = YES;
				CLANG_ENABLE_OBJC_ARC = YES;
				CLANG_WARN_BOOL_CONVERSION = YES;
				CLANG_WARN_CONSTANT_CONVERSION = YES;
				CLANG_WARN_DIRECT_OBJC_ISA_USAGE = YES_ERROR;
				CLANG_WARN_DOCUMENTATION_COMMENTS = YES;
				CLANG_WARN_EMPTY_BODY = YES;
				CLANG_WARN_ENUM_CONVERSION = YES;
				CLANG_WARN_INFINITE_RECURSION = YES;
				CLANG_WARN_INT_CONVERSION = YES;
				CLANG_WARN_OBJC_ROOT_CLASS = YES_ERROR;
				CLANG_WARN_SUSPICIOUS_MOVE = YES;
				CLANG_WARN_UNREACHABLE_CODE = YES;
				CLANG_WARN__DUPLICATE_METHOD_MATCH = YES;
				"CODE_SIGN_IDENTITY[sdk=iphoneos*]" = "iPhone Developer";
				COPY_PHASE_STRIP = NO;
				DEBUG_INFORMATION_FORMAT = dwarf;
				ENABLE_STRICT_OBJC_MSGSEND = YES;
				ENABLE_TESTABILITY = YES;
				GCC_C_LANGUAGE_STANDARD = gnu99;
				GCC_DYNAMIC_NO_PIC = NO;
				GCC_NO_COMMON_BLOCKS = YES;
				GCC_OPTIMIZATION_LEVEL = 0;
				GCC_PREPROCESSOR_DEFINITIONS = (
					"DEBUG=1",
					"$(inherited)",
				);
				GCC_WARN_64_TO_32_BIT_CONVERSION = YES;
				GCC_WARN_ABOUT_RETURN_TYPE = YES_ERROR;
				GCC_WARN_UNDECLARED_SELECTOR = YES;
				GCC_WARN_UNINITIALIZED_AUTOS = YES_AGGRESSIVE;
				GCC_WARN_UNUSED_FUNCTION = YES;
				GCC_WARN_UNUSED_VARIABLE = YES;
				IPHONEOS_DEPLOYMENT_TARGET = 10.3;
				MTL_ENABLE_DEBUG_INFO = YES;
				ONLY_ACTIVE_ARCH = YES;
				SDKROOT = iphoneos;
				SWIFT_ACTIVE_COMPILATION_CONDITIONS = DEBUG;
				SWIFT_OPTIMIZATION_LEVEL = "-Onone";
			};
			name = Debug;
		};
		CD3DB4841F45664D00A0F0F8 /* Release */ = {
			isa = XCBuildConfiguration;
			buildSettings = {
				ALWAYS_SEARCH_USER_PATHS = NO;
				CLANG_ANALYZER_NONNULL = YES;
				CLANG_ANALYZER_NUMBER_OBJECT_CONVERSION = YES_AGGRESSIVE;
				CLANG_CXX_LANGUAGE_STANDARD = "gnu++0x";
				CLANG_CXX_LIBRARY = "libc++";
				CLANG_ENABLE_MODULES = YES;
				CLANG_ENABLE_OBJC_ARC = YES;
				CLANG_WARN_BOOL_CONVERSION = YES;
				CLANG_WARN_CONSTANT_CONVERSION = YES;
				CLANG_WARN_DIRECT_OBJC_ISA_USAGE = YES_ERROR;
				CLANG_WARN_DOCUMENTATION_COMMENTS = YES;
				CLANG_WARN_EMPTY_BODY = YES;
				CLANG_WARN_ENUM_CONVERSION = YES;
				CLANG_WARN_INFINITE_RECURSION = YES;
				CLANG_WARN_INT_CONVERSION = YES;
				CLANG_WARN_OBJC_ROOT_CLASS = YES_ERROR;
				CLANG_WARN_SUSPICIOUS_MOVE = YES;
				CLANG_WARN_UNREACHABLE_CODE = YES;
				CLANG_WARN__DUPLICATE_METHOD_MATCH = YES;
				"CODE_SIGN_IDENTITY[sdk=iphoneos*]" = "iPhone Developer";
				COPY_PHASE_STRIP = NO;
				DEBUG_INFORMATION_FORMAT = "dwarf-with-dsym";
				ENABLE_NS_ASSERTIONS = NO;
				ENABLE_STRICT_OBJC_MSGSEND = YES;
				GCC_C_LANGUAGE_STANDARD = gnu99;
				GCC_NO_COMMON_BLOCKS = YES;
				GCC_WARN_64_TO_32_BIT_CONVERSION = YES;
				GCC_WARN_ABOUT_RETURN_TYPE = YES_ERROR;
				GCC_WARN_UNDECLARED_SELECTOR = YES;
				GCC_WARN_UNINITIALIZED_AUTOS = YES_AGGRESSIVE;
				GCC_WARN_UNUSED_FUNCTION = YES;
				GCC_WARN_UNUSED_VARIABLE = YES;
				IPHONEOS_DEPLOYMENT_TARGET = 10.3;
				MTL_ENABLE_DEBUG_INFO = NO;
				SDKROOT = iphoneos;
				SWIFT_OPTIMIZATION_LEVEL = "-Owholemodule";
				VALIDATE_PRODUCT = YES;
			};
			name = Release;
		};
		CD3DB4861F45664D00A0F0F8 /* Debug */ = {
			isa = XCBuildConfiguration;
			baseConfigurationReference = 874C4C8BCE9AABE422E6070C /* Pods-yellow.debug.xcconfig */;
			buildSettings = {
				ASSETCATALOG_COMPILER_APPICON_NAME = AppIcon;
				DEVELOPMENT_TEAM = JGZC6Q8Q3Y;
				INFOPLIST_FILE = yellow/Info.plist;
				IPHONEOS_DEPLOYMENT_TARGET = 9.0;
				LD_RUNPATH_SEARCH_PATHS = "$(inherited) @executable_path/Frameworks";
				PRODUCT_BUNDLE_IDENTIFIER = com.product23.yellow;
				PRODUCT_NAME = "$(TARGET_NAME)";
				SWIFT_VERSION = 3.0;
			};
			name = Debug;
		};
		CD3DB4871F45664D00A0F0F8 /* Release */ = {
			isa = XCBuildConfiguration;
			baseConfigurationReference = AFE0ACB1925F02142F6B8BAE /* Pods-yellow.release.xcconfig */;
			buildSettings = {
				ASSETCATALOG_COMPILER_APPICON_NAME = AppIcon;
				DEVELOPMENT_TEAM = JGZC6Q8Q3Y;
				INFOPLIST_FILE = yellow/Info.plist;
				IPHONEOS_DEPLOYMENT_TARGET = 9.0;
				LD_RUNPATH_SEARCH_PATHS = "$(inherited) @executable_path/Frameworks";
				PRODUCT_BUNDLE_IDENTIFIER = com.product23.yellow;
				PRODUCT_NAME = "$(TARGET_NAME)";
				SWIFT_VERSION = 3.0;
			};
			name = Release;
		};
/* End XCBuildConfiguration section */

/* Begin XCConfigurationList section */
		CD3DB46E1F45664D00A0F0F8 /* Build configuration list for PBXProject "yellow" */ = {
			isa = XCConfigurationList;
			buildConfigurations = (
				CD3DB4831F45664D00A0F0F8 /* Debug */,
				CD3DB4841F45664D00A0F0F8 /* Release */,
			);
			defaultConfigurationIsVisible = 0;
			defaultConfigurationName = Release;
		};
		CD3DB4851F45664D00A0F0F8 /* Build configuration list for PBXNativeTarget "yellow" */ = {
			isa = XCConfigurationList;
			buildConfigurations = (
				CD3DB4861F45664D00A0F0F8 /* Debug */,
				CD3DB4871F45664D00A0F0F8 /* Release */,
			);
			defaultConfigurationIsVisible = 0;
			defaultConfigurationName = Release;
		};
/* End XCConfigurationList section */
	};
	rootObject = CD3DB46B1F45664D00A0F0F8 /* Project object */;
}
