// !$*UTF8*$!
{
	archiveVersion = 1;
	classes = {
	};
	objectVersion = 46;
	objects = {

/* Begin PBXBuildFile section */
		512502831F6681C900E0665C /* Serailizable.swift in Sources */ = {isa = PBXBuildFile; fileRef = 512502821F6681C900E0665C /* Serailizable.swift */; };
		514813551F580C27001EE830 /* CoreLocation.framework in Frameworks */ = {isa = PBXBuildFile; fileRef = 514813541F580C27001EE830 /* CoreLocation.framework */; };
		5152466A1F654B49002D7DB1 /* MappingPinEmo.swift in Sources */ = {isa = PBXBuildFile; fileRef = 515246691F654B49002D7DB1 /* MappingPinEmo.swift */; };
		5177D0E51F5EBE98000569AA /* FeedListVC.swift in Sources */ = {isa = PBXBuildFile; fileRef = 5177D0E31F5EBE98000569AA /* FeedListVC.swift */; };
		5177D0E61F5EBE98000569AA /* FeedListVC.xib in Resources */ = {isa = PBXBuildFile; fileRef = 5177D0E41F5EBE98000569AA /* FeedListVC.xib */; };
		5192D59D1F5FC01B00951EB9 /* CustomUITabBarController.swift in Sources */ = {isa = PBXBuildFile; fileRef = 5192D59C1F5FC01B00951EB9 /* CustomUITabBarController.swift */; };
		519B64501F567F22008AB0EA /* FirebaseAPI.swift in Sources */ = {isa = PBXBuildFile; fileRef = 519B644F1F567F22008AB0EA /* FirebaseAPI.swift */; };
		519B64521F5680EF008AB0EA /* FeedViewModel.swift in Sources */ = {isa = PBXBuildFile; fileRef = 519B64511F5680EF008AB0EA /* FeedViewModel.swift */; };
		519B64541F5681FF008AB0EA /* FeedContent.swift in Sources */ = {isa = PBXBuildFile; fileRef = 519B64531F5681FF008AB0EA /* FeedContent.swift */; };
		51AC91781F61585C00605510 /* BadgeSwift.swift in Sources */ = {isa = PBXBuildFile; fileRef = 51AC91771F61585C00605510 /* BadgeSwift.swift */; };
		51AC917A1F615DA700605510 /* DataConfig.swift in Sources */ = {isa = PBXBuildFile; fileRef = 51AC91791F615DA700605510 /* DataConfig.swift */; };
		51ACC8BF1F4EBB3700091644 /* Extensions.swift in Sources */ = {isa = PBXBuildFile; fileRef = 51ACC8BE1F4EBB3700091644 /* Extensions.swift */; };
		51B8CAB41F46A72B00E701A1 /* Geohash.swift in Sources */ = {isa = PBXBuildFile; fileRef = 51B8CAB31F46A72B00E701A1 /* Geohash.swift */; };
		51B8CAB61F46AE9A00E701A1 /* BaseViewController.swift in Sources */ = {isa = PBXBuildFile; fileRef = 51B8CAB51F46AE9A00E701A1 /* BaseViewController.swift */; };
		51B8CABB1F46B0AF00E701A1 /* UserModel.swift in Sources */ = {isa = PBXBuildFile; fileRef = 51B8CABA1F46B0AF00E701A1 /* UserModel.swift */; };
		51B8CABD1F46B0E800E701A1 /* Utility_AkeKit.swift in Sources */ = {isa = PBXBuildFile; fileRef = 51B8CABC1F46B0E800E701A1 /* Utility_AkeKit.swift */; };
		51C728391F6265DC0058596F /* ThaiSansNeue-Black.ttf in Resources */ = {isa = PBXBuildFile; fileRef = 51C728271F6265DB0058596F /* ThaiSansNeue-Black.ttf */; };
		51C7283A1F6265DC0058596F /* ThaiSansNeue-BlackItalic.ttf in Resources */ = {isa = PBXBuildFile; fileRef = 51C728281F6265DB0058596F /* ThaiSansNeue-BlackItalic.ttf */; };
		51C7283B1F6265DC0058596F /* ThaiSansNeue-Bold.ttf in Resources */ = {isa = PBXBuildFile; fileRef = 51C728291F6265DC0058596F /* ThaiSansNeue-Bold.ttf */; };
		51C7283C1F6265DC0058596F /* ThaiSansNeue-BoldItalic.ttf in Resources */ = {isa = PBXBuildFile; fileRef = 51C7282A1F6265DC0058596F /* ThaiSansNeue-BoldItalic.ttf */; };
		51C7283D1F6265DC0058596F /* ThaiSansNeue-ExtraBold.ttf in Resources */ = {isa = PBXBuildFile; fileRef = 51C7282B1F6265DC0058596F /* ThaiSansNeue-ExtraBold.ttf */; };
		51C7283E1F6265DC0058596F /* ThaiSansNeue-ExtraBoldItali.ttf in Resources */ = {isa = PBXBuildFile; fileRef = 51C7282C1F6265DC0058596F /* ThaiSansNeue-ExtraBoldItali.ttf */; };
		51C7283F1F6265DC0058596F /* ThaiSansNeue-ExtraLight.ttf in Resources */ = {isa = PBXBuildFile; fileRef = 51C7282D1F6265DC0058596F /* ThaiSansNeue-ExtraLight.ttf */; };
		51C728401F6265DC0058596F /* ThaiSansNeue-ExtraLightItal.ttf in Resources */ = {isa = PBXBuildFile; fileRef = 51C7282E1F6265DC0058596F /* ThaiSansNeue-ExtraLightItal.ttf */; };
		51C728411F6265DC0058596F /* ThaiSansNeue-Italic.ttf in Resources */ = {isa = PBXBuildFile; fileRef = 51C7282F1F6265DC0058596F /* ThaiSansNeue-Italic.ttf */; };
		51C728421F6265DC0058596F /* ThaiSansNeue-Light.ttf in Resources */ = {isa = PBXBuildFile; fileRef = 51C728301F6265DC0058596F /* ThaiSansNeue-Light.ttf */; };
		51C728431F6265DC0058596F /* ThaiSansNeue-LightItalic.ttf in Resources */ = {isa = PBXBuildFile; fileRef = 51C728311F6265DC0058596F /* ThaiSansNeue-LightItalic.ttf */; };
		51C728441F6265DC0058596F /* ThaiSansNeue-Regular.ttf in Resources */ = {isa = PBXBuildFile; fileRef = 51C728321F6265DC0058596F /* ThaiSansNeue-Regular.ttf */; };
		51C728451F6265DC0058596F /* ThaiSansNeue-SemiBold.ttf in Resources */ = {isa = PBXBuildFile; fileRef = 51C728331F6265DC0058596F /* ThaiSansNeue-SemiBold.ttf */; };
		51C728461F6265DC0058596F /* ThaiSansNeue-SemiBoldItalic.ttf in Resources */ = {isa = PBXBuildFile; fileRef = 51C728341F6265DC0058596F /* ThaiSansNeue-SemiBoldItalic.ttf */; };
		51C728471F6265DC0058596F /* ThaiSansNeue-UltraBold.ttf in Resources */ = {isa = PBXBuildFile; fileRef = 51C728351F6265DC0058596F /* ThaiSansNeue-UltraBold.ttf */; };
		51C728481F6265DC0058596F /* ThaiSansNeue-UltraBoldItali.ttf in Resources */ = {isa = PBXBuildFile; fileRef = 51C728361F6265DC0058596F /* ThaiSansNeue-UltraBoldItali.ttf */; };
		51C728491F6265DC0058596F /* ThaiSansNeue-UltraLight.ttf in Resources */ = {isa = PBXBuildFile; fileRef = 51C728371F6265DC0058596F /* ThaiSansNeue-UltraLight.ttf */; };
		51C7284A1F6265DC0058596F /* ThaiSansNeue-UltraLightItal.ttf in Resources */ = {isa = PBXBuildFile; fileRef = 51C728381F6265DC0058596F /* ThaiSansNeue-UltraLightItal.ttf */; };
		51C728501F628D0F0058596F /* PulleyPassthroughScrollView.swift in Sources */ = {isa = PBXBuildFile; fileRef = 51C7284C1F628D0F0058596F /* PulleyPassthroughScrollView.swift */; };
		51C728511F628D0F0058596F /* PulleyViewController+Nested.swift in Sources */ = {isa = PBXBuildFile; fileRef = 51C7284D1F628D0F0058596F /* PulleyViewController+Nested.swift */; };
		51C728521F628D0F0058596F /* PulleyViewController.swift in Sources */ = {isa = PBXBuildFile; fileRef = 51C7284E1F628D0F0058596F /* PulleyViewController.swift */; };
		51C728531F628D0F0058596F /* UIView+constrainToParent.swift in Sources */ = {isa = PBXBuildFile; fileRef = 51C7284F1F628D0F0058596F /* UIView+constrainToParent.swift */; };
		51DFD48D1F5E9F49008D1A16 /* CustomAnnotation.swift in Sources */ = {isa = PBXBuildFile; fileRef = 51DFD48B1F5E9F49008D1A16 /* CustomAnnotation.swift */; };
		51F6A8491F5D31BF0023DC1C /* Utilities.swift in Sources */ = {isa = PBXBuildFile; fileRef = 51F6A8481F5D31BF0023DC1C /* Utilities.swift */; };
		BE0443041F62849500A85AFC /* FeedCollectionView.swift in Sources */ = {isa = PBXBuildFile; fileRef = BE0443031F62849500A85AFC /* FeedCollectionView.swift */; };
		BE0443061F62849C00A85AFC /* AVPlayerManager.swift in Sources */ = {isa = PBXBuildFile; fileRef = BE0443051F62849C00A85AFC /* AVPlayerManager.swift */; };
		BE04430A1F6284CD00A85AFC /* FeedCell.swift in Sources */ = {isa = PBXBuildFile; fileRef = BE0443081F6284CD00A85AFC /* FeedCell.swift */; };
		BE04430B1F6284CD00A85AFC /* FeedCell.xib in Resources */ = {isa = PBXBuildFile; fileRef = BE0443091F6284CD00A85AFC /* FeedCell.xib */; };
		BE108F771F65B75000EDA590 /* TopCurveFloatingView.swift in Sources */ = {isa = PBXBuildFile; fileRef = BE108F761F65B75000EDA590 /* TopCurveFloatingView.swift */; };
		BE170D031F67F7F200CF6D20 /* FeedOperation.swift in Sources */ = {isa = PBXBuildFile; fileRef = BE170D021F67F7F200CF6D20 /* FeedOperation.swift */; };
		BE170D061F68355600CF6D20 /* SecondViewController.swift in Sources */ = {isa = PBXBuildFile; fileRef = BE170D051F68355600CF6D20 /* SecondViewController.swift */; };
		BE170D081F68357C00CF6D20 /* SecondViewModel.swift in Sources */ = {isa = PBXBuildFile; fileRef = BE170D071F68357C00CF6D20 /* SecondViewModel.swift */; };
		BE170D0A1F6835A500CF6D20 /* SecondViewController.xib in Resources */ = {isa = PBXBuildFile; fileRef = BE170D091F6835A500CF6D20 /* SecondViewController.xib */; };
		BE170D0C1F68363300CF6D20 /* FeedItemModel.swift in Sources */ = {isa = PBXBuildFile; fileRef = BE170D0B1F68363300CF6D20 /* FeedItemModel.swift */; };
		BE2D597C1F6FD2D300E07FB6 /* ImageRoundCorner.swift in Sources */ = {isa = PBXBuildFile; fileRef = BE2D597B1F6FD2D300E07FB6 /* ImageRoundCorner.swift */; };
		BED73CCD1F6A47C200E2798A /* StickerDataSetGenerator.swift in Sources */ = {isa = PBXBuildFile; fileRef = BED73CCC1F6A47C200E2798A /* StickerDataSetGenerator.swift */; };
		BEF69AC81F69479F00FF8720 /* StickerCell.swift in Sources */ = {isa = PBXBuildFile; fileRef = BEF69ABF1F69479F00FF8720 /* StickerCell.swift */; };
		BEF69AC91F69479F00FF8720 /* StickerCell.xib in Resources */ = {isa = PBXBuildFile; fileRef = BEF69AC01F69479F00FF8720 /* StickerCell.xib */; };
		BEF69ACA1F69479F00FF8720 /* StickerCollection.swift in Sources */ = {isa = PBXBuildFile; fileRef = BEF69AC11F69479F00FF8720 /* StickerCollection.swift */; };
		BEF69ACB1F69479F00FF8720 /* StickerModel.swift in Sources */ = {isa = PBXBuildFile; fileRef = BEF69AC21F69479F00FF8720 /* StickerModel.swift */; };
		BEF69ACC1F69479F00FF8720 /* StickerPicker.swift in Sources */ = {isa = PBXBuildFile; fileRef = BEF69AC31F69479F00FF8720 /* StickerPicker.swift */; };
		BEF69ACD1F69479F00FF8720 /* StickerSetPicker.swift in Sources */ = {isa = PBXBuildFile; fileRef = BEF69AC41F69479F00FF8720 /* StickerSetPicker.swift */; };
		BEF69ACE1F69479F00FF8720 /* StickerSetPickerCell.swift in Sources */ = {isa = PBXBuildFile; fileRef = BEF69AC51F69479F00FF8720 /* StickerSetPickerCell.swift */; };
		BEF69ACF1F69479F00FF8720 /* StickerSetPickerCell.xib in Resources */ = {isa = PBXBuildFile; fileRef = BEF69AC61F69479F00FF8720 /* StickerSetPickerCell.xib */; };
		BEF69AD01F69479F00FF8720 /* StickerSetPickerModel.swift in Sources */ = {isa = PBXBuildFile; fileRef = BEF69AC71F69479F00FF8720 /* StickerSetPickerModel.swift */; };
		CD06B6421F4EB10E00FD0C51 /* SwiftyRecordButton.swift in Sources */ = {isa = PBXBuildFile; fileRef = CD06B6411F4EB10E00FD0C51 /* SwiftyRecordButton.swift */; };
		CD0FE6301F4EB221007049B2 /* VideoViewController.swift in Sources */ = {isa = PBXBuildFile; fileRef = CD9765FD1F46B5D600A62917 /* VideoViewController.swift */; };
		CD1383411F53AAE300CB049E /* SwiftyCamButton.swift in Sources */ = {isa = PBXBuildFile; fileRef = CD1383401F53AAE300CB049E /* SwiftyCamButton.swift */; };
		CD1383441F53BD3500CB049E /* StringUtils.swift in Sources */ = {isa = PBXBuildFile; fileRef = CD1383431F53BD3500CB049E /* StringUtils.swift */; };
		CD24F4C21F46D2F1001FBA86 /* VideoViewController.xib in Resources */ = {isa = PBXBuildFile; fileRef = CD24F4C11F46D2F1001FBA86 /* VideoViewController.xib */; };
		CD24F4C51F46D97A001FBA86 /* LoginVC.swift in Sources */ = {isa = PBXBuildFile; fileRef = CD24F4C31F46D97A001FBA86 /* LoginVC.swift */; };
		CD24F4C61F46D97A001FBA86 /* LoginVC.xib in Resources */ = {isa = PBXBuildFile; fileRef = CD24F4C41F46D97A001FBA86 /* LoginVC.xib */; };
		CD3DB4771F45664D00A0F0F8 /* AppDelegate.swift in Sources */ = {isa = PBXBuildFile; fileRef = CD3DB4761F45664D00A0F0F8 /* AppDelegate.swift */; };
		CD3DB47C1F45664D00A0F0F8 /* Main.storyboard in Resources */ = {isa = PBXBuildFile; fileRef = CD3DB47A1F45664D00A0F0F8 /* Main.storyboard */; };
		CD3DB47E1F45664D00A0F0F8 /* Assets.xcassets in Resources */ = {isa = PBXBuildFile; fileRef = CD3DB47D1F45664D00A0F0F8 /* Assets.xcassets */; };
		CD3DB4811F45664D00A0F0F8 /* LaunchScreen.storyboard in Resources */ = {isa = PBXBuildFile; fileRef = CD3DB47F1F45664D00A0F0F8 /* LaunchScreen.storyboard */; };
		CD571EC51F457E6F00ECB9C8 /* (null) in Sources */ = {isa = PBXBuildFile; };
		CD571EC61F457E6F00ECB9C8 /* (null) in Resources */ = {isa = PBXBuildFile; };
		CD571ECB1F457EC000ECB9C8 /* PostVC.swift in Sources */ = {isa = PBXBuildFile; fileRef = CD571EC91F457EC000ECB9C8 /* PostVC.swift */; };
		CD571ECC1F457EC000ECB9C8 /* PostVC.xib in Resources */ = {isa = PBXBuildFile; fileRef = CD571ECA1F457EC000ECB9C8 /* PostVC.xib */; };
		CD571ECF1F457ED800ECB9C8 /* MyProfileVC.swift in Sources */ = {isa = PBXBuildFile; fileRef = CD571ECD1F457ED800ECB9C8 /* MyProfileVC.swift */; };
		CD571ED01F457ED800ECB9C8 /* MyProfileVC.xib in Resources */ = {isa = PBXBuildFile; fileRef = CD571ECE1F457ED800ECB9C8 /* MyProfileVC.xib */; };
		CD571ED71F45837400ECB9C8 /* MapVC.swift in Sources */ = {isa = PBXBuildFile; fileRef = CD571ED51F45837400ECB9C8 /* MapVC.swift */; };
		CD571ED81F45837400ECB9C8 /* MapVC.xib in Resources */ = {isa = PBXBuildFile; fileRef = CD571ED61F45837400ECB9C8 /* MapVC.xib */; };
		CD571EDF1F4585A600ECB9C8 /* HomeVC.swift in Sources */ = {isa = PBXBuildFile; fileRef = CD571EDD1F4585A600ECB9C8 /* HomeVC.swift */; };
		CD571EE01F4585A600ECB9C8 /* HomeVC.xib in Resources */ = {isa = PBXBuildFile; fileRef = CD571EDE1F4585A600ECB9C8 /* HomeVC.xib */; };
		CD7A89B91F4C2C79000966FE /* PostProfileViewController.swift in Sources */ = {isa = PBXBuildFile; fileRef = CD7A89B71F4C2C79000966FE /* PostProfileViewController.swift */; };
		CD7A89BA1F4C2C79000966FE /* PostProfileViewController.xib in Resources */ = {isa = PBXBuildFile; fileRef = CD7A89B81F4C2C79000966FE /* PostProfileViewController.xib */; };
		CD81792E1F529248007BDD60 /* PostDummyVC.swift in Sources */ = {isa = PBXBuildFile; fileRef = CD81792C1F529248007BDD60 /* PostDummyVC.swift */; };
		CD81792F1F529248007BDD60 /* PostDummyVC.xib in Resources */ = {isa = PBXBuildFile; fileRef = CD81792D1F529248007BDD60 /* PostDummyVC.xib */; };
		CD9766011F46B5D600A62917 /* PhotoViewController.swift in Sources */ = {isa = PBXBuildFile; fileRef = CD9765FE1F46B5D600A62917 /* PhotoViewController.swift */; };
		CDDC923F1F4D262100A7EDE7 /* GoogleService-Info.plist in Resources */ = {isa = PBXBuildFile; fileRef = CDDC923E1F4D262100A7EDE7 /* GoogleService-Info.plist */; };
		CDDC92421F4D2A9700A7EDE7 /* User.swift in Sources */ = {isa = PBXBuildFile; fileRef = CDDC92411F4D2A9700A7EDE7 /* User.swift */; };
		CDDC92441F4D2AEE00A7EDE7 /* PostContent.swift in Sources */ = {isa = PBXBuildFile; fileRef = CDDC92431F4D2AEE00A7EDE7 /* PostContent.swift */; };
		CF6CEC02EBF880DF649857F0 /* Pods_yellow.framework in Frameworks */ = {isa = PBXBuildFile; fileRef = B9E88B4F2083490B48879FED /* Pods_yellow.framework */; };
/* End PBXBuildFile section */

/* Begin PBXFileReference section */
		512502821F6681C900E0665C /* Serailizable.swift */ = {isa = PBXFileReference; fileEncoding = 4; lastKnownFileType = sourcecode.swift; name = Serailizable.swift; path = yellow/Model/Serailizable.swift; sourceTree = "<group>"; };
		514813541F580C27001EE830 /* CoreLocation.framework */ = {isa = PBXFileReference; lastKnownFileType = wrapper.framework; name = CoreLocation.framework; path = System/Library/Frameworks/CoreLocation.framework; sourceTree = SDKROOT; };
		515246691F654B49002D7DB1 /* MappingPinEmo.swift */ = {isa = PBXFileReference; fileEncoding = 4; lastKnownFileType = sourcecode.swift; path = MappingPinEmo.swift; sourceTree = "<group>"; };
		5177D0E31F5EBE98000569AA /* FeedListVC.swift */ = {isa = PBXFileReference; fileEncoding = 4; lastKnownFileType = sourcecode.swift; path = FeedListVC.swift; sourceTree = "<group>"; };
		5177D0E41F5EBE98000569AA /* FeedListVC.xib */ = {isa = PBXFileReference; fileEncoding = 4; lastKnownFileType = file.xib; path = FeedListVC.xib; sourceTree = "<group>"; };
		5192D59C1F5FC01B00951EB9 /* CustomUITabBarController.swift */ = {isa = PBXFileReference; fileEncoding = 4; lastKnownFileType = sourcecode.swift; path = CustomUITabBarController.swift; sourceTree = "<group>"; };
		519B644F1F567F22008AB0EA /* FirebaseAPI.swift */ = {isa = PBXFileReference; fileEncoding = 4; lastKnownFileType = sourcecode.swift; path = FirebaseAPI.swift; sourceTree = "<group>"; };
		519B64511F5680EF008AB0EA /* FeedViewModel.swift */ = {isa = PBXFileReference; fileEncoding = 4; lastKnownFileType = sourcecode.swift; name = FeedViewModel.swift; path = yellow/Model/FeedViewModel.swift; sourceTree = "<group>"; };
		519B64531F5681FF008AB0EA /* FeedContent.swift */ = {isa = PBXFileReference; fileEncoding = 4; lastKnownFileType = sourcecode.swift; name = FeedContent.swift; path = yellow/Model/FeedContent.swift; sourceTree = "<group>"; };
		51AC91771F61585C00605510 /* BadgeSwift.swift */ = {isa = PBXFileReference; fileEncoding = 4; lastKnownFileType = sourcecode.swift; path = BadgeSwift.swift; sourceTree = "<group>"; };
		51AC91791F615DA700605510 /* DataConfig.swift */ = {isa = PBXFileReference; fileEncoding = 4; lastKnownFileType = sourcecode.swift; path = DataConfig.swift; sourceTree = "<group>"; };
		51ACC8BE1F4EBB3700091644 /* Extensions.swift */ = {isa = PBXFileReference; fileEncoding = 4; lastKnownFileType = sourcecode.swift; path = Extensions.swift; sourceTree = "<group>"; };
		51B8CAB31F46A72B00E701A1 /* Geohash.swift */ = {isa = PBXFileReference; fileEncoding = 4; lastKnownFileType = sourcecode.swift; path = Geohash.swift; sourceTree = "<group>"; };
		51B8CAB51F46AE9A00E701A1 /* BaseViewController.swift */ = {isa = PBXFileReference; fileEncoding = 4; lastKnownFileType = sourcecode.swift; path = BaseViewController.swift; sourceTree = "<group>"; };
		51B8CABA1F46B0AF00E701A1 /* UserModel.swift */ = {isa = PBXFileReference; fileEncoding = 4; lastKnownFileType = sourcecode.swift; path = UserModel.swift; sourceTree = "<group>"; };
		51B8CABC1F46B0E800E701A1 /* Utility_AkeKit.swift */ = {isa = PBXFileReference; fileEncoding = 4; lastKnownFileType = sourcecode.swift; path = Utility_AkeKit.swift; sourceTree = "<group>"; };
		51C728271F6265DB0058596F /* ThaiSansNeue-Black.ttf */ = {isa = PBXFileReference; lastKnownFileType = file; path = "ThaiSansNeue-Black.ttf"; sourceTree = "<group>"; };
		51C728281F6265DB0058596F /* ThaiSansNeue-BlackItalic.ttf */ = {isa = PBXFileReference; lastKnownFileType = file; path = "ThaiSansNeue-BlackItalic.ttf"; sourceTree = "<group>"; };
		51C728291F6265DC0058596F /* ThaiSansNeue-Bold.ttf */ = {isa = PBXFileReference; lastKnownFileType = file; path = "ThaiSansNeue-Bold.ttf"; sourceTree = "<group>"; };
		51C7282A1F6265DC0058596F /* ThaiSansNeue-BoldItalic.ttf */ = {isa = PBXFileReference; lastKnownFileType = file; path = "ThaiSansNeue-BoldItalic.ttf"; sourceTree = "<group>"; };
		51C7282B1F6265DC0058596F /* ThaiSansNeue-ExtraBold.ttf */ = {isa = PBXFileReference; lastKnownFileType = file; path = "ThaiSansNeue-ExtraBold.ttf"; sourceTree = "<group>"; };
		51C7282C1F6265DC0058596F /* ThaiSansNeue-ExtraBoldItali.ttf */ = {isa = PBXFileReference; lastKnownFileType = file; path = "ThaiSansNeue-ExtraBoldItali.ttf"; sourceTree = "<group>"; };
		51C7282D1F6265DC0058596F /* ThaiSansNeue-ExtraLight.ttf */ = {isa = PBXFileReference; lastKnownFileType = file; path = "ThaiSansNeue-ExtraLight.ttf"; sourceTree = "<group>"; };
		51C7282E1F6265DC0058596F /* ThaiSansNeue-ExtraLightItal.ttf */ = {isa = PBXFileReference; lastKnownFileType = file; path = "ThaiSansNeue-ExtraLightItal.ttf"; sourceTree = "<group>"; };
		51C7282F1F6265DC0058596F /* ThaiSansNeue-Italic.ttf */ = {isa = PBXFileReference; lastKnownFileType = file; path = "ThaiSansNeue-Italic.ttf"; sourceTree = "<group>"; };
		51C728301F6265DC0058596F /* ThaiSansNeue-Light.ttf */ = {isa = PBXFileReference; lastKnownFileType = file; path = "ThaiSansNeue-Light.ttf"; sourceTree = "<group>"; };
		51C728311F6265DC0058596F /* ThaiSansNeue-LightItalic.ttf */ = {isa = PBXFileReference; lastKnownFileType = file; path = "ThaiSansNeue-LightItalic.ttf"; sourceTree = "<group>"; };
		51C728321F6265DC0058596F /* ThaiSansNeue-Regular.ttf */ = {isa = PBXFileReference; lastKnownFileType = file; path = "ThaiSansNeue-Regular.ttf"; sourceTree = "<group>"; };
		51C728331F6265DC0058596F /* ThaiSansNeue-SemiBold.ttf */ = {isa = PBXFileReference; lastKnownFileType = file; path = "ThaiSansNeue-SemiBold.ttf"; sourceTree = "<group>"; };
		51C728341F6265DC0058596F /* ThaiSansNeue-SemiBoldItalic.ttf */ = {isa = PBXFileReference; lastKnownFileType = file; path = "ThaiSansNeue-SemiBoldItalic.ttf"; sourceTree = "<group>"; };
		51C728351F6265DC0058596F /* ThaiSansNeue-UltraBold.ttf */ = {isa = PBXFileReference; lastKnownFileType = file; path = "ThaiSansNeue-UltraBold.ttf"; sourceTree = "<group>"; };
		51C728361F6265DC0058596F /* ThaiSansNeue-UltraBoldItali.ttf */ = {isa = PBXFileReference; lastKnownFileType = file; path = "ThaiSansNeue-UltraBoldItali.ttf"; sourceTree = "<group>"; };
		51C728371F6265DC0058596F /* ThaiSansNeue-UltraLight.ttf */ = {isa = PBXFileReference; lastKnownFileType = file; path = "ThaiSansNeue-UltraLight.ttf"; sourceTree = "<group>"; };
		51C728381F6265DC0058596F /* ThaiSansNeue-UltraLightItal.ttf */ = {isa = PBXFileReference; lastKnownFileType = file; path = "ThaiSansNeue-UltraLightItal.ttf"; sourceTree = "<group>"; };
		51C7284C1F628D0F0058596F /* PulleyPassthroughScrollView.swift */ = {isa = PBXFileReference; fileEncoding = 4; lastKnownFileType = sourcecode.swift; path = PulleyPassthroughScrollView.swift; sourceTree = "<group>"; };
		51C7284D1F628D0F0058596F /* PulleyViewController+Nested.swift */ = {isa = PBXFileReference; fileEncoding = 4; lastKnownFileType = sourcecode.swift; path = "PulleyViewController+Nested.swift"; sourceTree = "<group>"; };
		51C7284E1F628D0F0058596F /* PulleyViewController.swift */ = {isa = PBXFileReference; fileEncoding = 4; lastKnownFileType = sourcecode.swift; path = PulleyViewController.swift; sourceTree = "<group>"; };
		51C7284F1F628D0F0058596F /* UIView+constrainToParent.swift */ = {isa = PBXFileReference; fileEncoding = 4; lastKnownFileType = sourcecode.swift; path = "UIView+constrainToParent.swift"; sourceTree = "<group>"; };
		51DFD48B1F5E9F49008D1A16 /* CustomAnnotation.swift */ = {isa = PBXFileReference; fileEncoding = 4; lastKnownFileType = sourcecode.swift; path = CustomAnnotation.swift; sourceTree = "<group>"; };
		51F6A8481F5D31BF0023DC1C /* Utilities.swift */ = {isa = PBXFileReference; fileEncoding = 4; lastKnownFileType = sourcecode.swift; path = Utilities.swift; sourceTree = "<group>"; };
		874C4C8BCE9AABE422E6070C /* Pods-yellow.debug.xcconfig */ = {isa = PBXFileReference; includeInIndex = 1; lastKnownFileType = text.xcconfig; name = "Pods-yellow.debug.xcconfig"; path = "Pods/Target Support Files/Pods-yellow/Pods-yellow.debug.xcconfig"; sourceTree = "<group>"; };
		AFE0ACB1925F02142F6B8BAE /* Pods-yellow.release.xcconfig */ = {isa = PBXFileReference; includeInIndex = 1; lastKnownFileType = text.xcconfig; name = "Pods-yellow.release.xcconfig"; path = "Pods/Target Support Files/Pods-yellow/Pods-yellow.release.xcconfig"; sourceTree = "<group>"; };
		B9E88B4F2083490B48879FED /* Pods_yellow.framework */ = {isa = PBXFileReference; explicitFileType = wrapper.framework; includeInIndex = 0; path = Pods_yellow.framework; sourceTree = BUILT_PRODUCTS_DIR; };
		BE0443031F62849500A85AFC /* FeedCollectionView.swift */ = {isa = PBXFileReference; fileEncoding = 4; lastKnownFileType = sourcecode.swift; path = FeedCollectionView.swift; sourceTree = "<group>"; };
		BE0443051F62849C00A85AFC /* AVPlayerManager.swift */ = {isa = PBXFileReference; fileEncoding = 4; lastKnownFileType = sourcecode.swift; path = AVPlayerManager.swift; sourceTree = "<group>"; };
		BE0443081F6284CD00A85AFC /* FeedCell.swift */ = {isa = PBXFileReference; fileEncoding = 4; lastKnownFileType = sourcecode.swift; path = FeedCell.swift; sourceTree = "<group>"; };
		BE0443091F6284CD00A85AFC /* FeedCell.xib */ = {isa = PBXFileReference; fileEncoding = 4; lastKnownFileType = file.xib; path = FeedCell.xib; sourceTree = "<group>"; };
		BE108F761F65B75000EDA590 /* TopCurveFloatingView.swift */ = {isa = PBXFileReference; fileEncoding = 4; lastKnownFileType = sourcecode.swift; path = TopCurveFloatingView.swift; sourceTree = "<group>"; };
		BE170D021F67F7F200CF6D20 /* FeedOperation.swift */ = {isa = PBXFileReference; fileEncoding = 4; lastKnownFileType = sourcecode.swift; path = FeedOperation.swift; sourceTree = "<group>"; };
		BE170D051F68355600CF6D20 /* SecondViewController.swift */ = {isa = PBXFileReference; fileEncoding = 4; lastKnownFileType = sourcecode.swift; path = SecondViewController.swift; sourceTree = "<group>"; };
		BE170D071F68357C00CF6D20 /* SecondViewModel.swift */ = {isa = PBXFileReference; fileEncoding = 4; lastKnownFileType = sourcecode.swift; path = SecondViewModel.swift; sourceTree = "<group>"; };
		BE170D091F6835A500CF6D20 /* SecondViewController.xib */ = {isa = PBXFileReference; fileEncoding = 4; lastKnownFileType = file.xib; path = SecondViewController.xib; sourceTree = "<group>"; };
		BE170D0B1F68363300CF6D20 /* FeedItemModel.swift */ = {isa = PBXFileReference; fileEncoding = 4; lastKnownFileType = sourcecode.swift; path = FeedItemModel.swift; sourceTree = "<group>"; };
		BE2BAC621F70D8FF000C20A8 /* Locations.gpx */ = {isa = PBXFileReference; lastKnownFileType = text.xml; path = Locations.gpx; sourceTree = "<group>"; };
		BE2D597B1F6FD2D300E07FB6 /* ImageRoundCorner.swift */ = {isa = PBXFileReference; fileEncoding = 4; lastKnownFileType = sourcecode.swift; path = ImageRoundCorner.swift; sourceTree = "<group>"; };
		BE5B19B81F6A90F40077DC17 /* Yellow.entitlements */ = {isa = PBXFileReference; lastKnownFileType = text.plist.entitlements; path = Yellow.entitlements; sourceTree = "<group>"; };
		BED73CCC1F6A47C200E2798A /* StickerDataSetGenerator.swift */ = {isa = PBXFileReference; fileEncoding = 4; lastKnownFileType = sourcecode.swift; path = StickerDataSetGenerator.swift; sourceTree = "<group>"; };
		BEF69ABF1F69479F00FF8720 /* StickerCell.swift */ = {isa = PBXFileReference; fileEncoding = 4; lastKnownFileType = sourcecode.swift; path = StickerCell.swift; sourceTree = "<group>"; };
		BEF69AC01F69479F00FF8720 /* StickerCell.xib */ = {isa = PBXFileReference; fileEncoding = 4; lastKnownFileType = file.xib; path = StickerCell.xib; sourceTree = "<group>"; };
		BEF69AC11F69479F00FF8720 /* StickerCollection.swift */ = {isa = PBXFileReference; fileEncoding = 4; lastKnownFileType = sourcecode.swift; path = StickerCollection.swift; sourceTree = "<group>"; };
		BEF69AC21F69479F00FF8720 /* StickerModel.swift */ = {isa = PBXFileReference; fileEncoding = 4; lastKnownFileType = sourcecode.swift; path = StickerModel.swift; sourceTree = "<group>"; };
		BEF69AC31F69479F00FF8720 /* StickerPicker.swift */ = {isa = PBXFileReference; fileEncoding = 4; lastKnownFileType = sourcecode.swift; path = StickerPicker.swift; sourceTree = "<group>"; };
		BEF69AC41F69479F00FF8720 /* StickerSetPicker.swift */ = {isa = PBXFileReference; fileEncoding = 4; lastKnownFileType = sourcecode.swift; path = StickerSetPicker.swift; sourceTree = "<group>"; };
		BEF69AC51F69479F00FF8720 /* StickerSetPickerCell.swift */ = {isa = PBXFileReference; fileEncoding = 4; lastKnownFileType = sourcecode.swift; path = StickerSetPickerCell.swift; sourceTree = "<group>"; };
		BEF69AC61F69479F00FF8720 /* StickerSetPickerCell.xib */ = {isa = PBXFileReference; fileEncoding = 4; lastKnownFileType = file.xib; path = StickerSetPickerCell.xib; sourceTree = "<group>"; };
		BEF69AC71F69479F00FF8720 /* StickerSetPickerModel.swift */ = {isa = PBXFileReference; fileEncoding = 4; lastKnownFileType = sourcecode.swift; path = StickerSetPickerModel.swift; sourceTree = "<group>"; };
		CD06B6411F4EB10E00FD0C51 /* SwiftyRecordButton.swift */ = {isa = PBXFileReference; fileEncoding = 4; lastKnownFileType = sourcecode.swift; path = SwiftyRecordButton.swift; sourceTree = "<group>"; };
		CD1383401F53AAE300CB049E /* SwiftyCamButton.swift */ = {isa = PBXFileReference; fileEncoding = 4; lastKnownFileType = sourcecode.swift; path = SwiftyCamButton.swift; sourceTree = "<group>"; };
		CD1383431F53BD3500CB049E /* StringUtils.swift */ = {isa = PBXFileReference; fileEncoding = 4; lastKnownFileType = sourcecode.swift; path = StringUtils.swift; sourceTree = "<group>"; };
		CD24F4C11F46D2F1001FBA86 /* VideoViewController.xib */ = {isa = PBXFileReference; fileEncoding = 4; lastKnownFileType = file.xib; path = VideoViewController.xib; sourceTree = "<group>"; };
		CD24F4C31F46D97A001FBA86 /* LoginVC.swift */ = {isa = PBXFileReference; fileEncoding = 4; lastKnownFileType = sourcecode.swift; path = LoginVC.swift; sourceTree = "<group>"; };
		CD24F4C41F46D97A001FBA86 /* LoginVC.xib */ = {isa = PBXFileReference; fileEncoding = 4; lastKnownFileType = file.xib; path = LoginVC.xib; sourceTree = "<group>"; };
		CD3DB4731F45664D00A0F0F8 /* Yellow.app */ = {isa = PBXFileReference; explicitFileType = wrapper.application; includeInIndex = 0; path = Yellow.app; sourceTree = BUILT_PRODUCTS_DIR; };
		CD3DB4761F45664D00A0F0F8 /* AppDelegate.swift */ = {isa = PBXFileReference; lastKnownFileType = sourcecode.swift; path = AppDelegate.swift; sourceTree = "<group>"; };
		CD3DB47B1F45664D00A0F0F8 /* Base */ = {isa = PBXFileReference; lastKnownFileType = file.storyboard; name = Base; path = Base.lproj/Main.storyboard; sourceTree = "<group>"; };
		CD3DB47D1F45664D00A0F0F8 /* Assets.xcassets */ = {isa = PBXFileReference; lastKnownFileType = folder.assetcatalog; path = Assets.xcassets; sourceTree = "<group>"; };
		CD3DB4801F45664D00A0F0F8 /* Base */ = {isa = PBXFileReference; lastKnownFileType = file.storyboard; name = Base; path = Base.lproj/LaunchScreen.storyboard; sourceTree = "<group>"; };
		CD3DB4821F45664D00A0F0F8 /* Info.plist */ = {isa = PBXFileReference; lastKnownFileType = text.plist.xml; path = Info.plist; sourceTree = "<group>"; };
		CD571EC91F457EC000ECB9C8 /* PostVC.swift */ = {isa = PBXFileReference; fileEncoding = 4; lastKnownFileType = sourcecode.swift; path = PostVC.swift; sourceTree = "<group>"; };
		CD571ECA1F457EC000ECB9C8 /* PostVC.xib */ = {isa = PBXFileReference; fileEncoding = 4; lastKnownFileType = file.xib; path = PostVC.xib; sourceTree = "<group>"; };
		CD571ECD1F457ED800ECB9C8 /* MyProfileVC.swift */ = {isa = PBXFileReference; fileEncoding = 4; lastKnownFileType = sourcecode.swift; path = MyProfileVC.swift; sourceTree = "<group>"; };
		CD571ECE1F457ED800ECB9C8 /* MyProfileVC.xib */ = {isa = PBXFileReference; fileEncoding = 4; lastKnownFileType = file.xib; path = MyProfileVC.xib; sourceTree = "<group>"; };
		CD571ED51F45837400ECB9C8 /* MapVC.swift */ = {isa = PBXFileReference; fileEncoding = 4; lastKnownFileType = sourcecode.swift; path = MapVC.swift; sourceTree = "<group>"; };
		CD571ED61F45837400ECB9C8 /* MapVC.xib */ = {isa = PBXFileReference; fileEncoding = 4; lastKnownFileType = file.xib; path = MapVC.xib; sourceTree = "<group>"; };
		CD571EDD1F4585A600ECB9C8 /* HomeVC.swift */ = {isa = PBXFileReference; fileEncoding = 4; lastKnownFileType = sourcecode.swift; path = HomeVC.swift; sourceTree = "<group>"; };
		CD571EDE1F4585A600ECB9C8 /* HomeVC.xib */ = {isa = PBXFileReference; fileEncoding = 4; lastKnownFileType = file.xib; path = HomeVC.xib; sourceTree = "<group>"; };
		CD7A89B71F4C2C79000966FE /* PostProfileViewController.swift */ = {isa = PBXFileReference; fileEncoding = 4; lastKnownFileType = sourcecode.swift; path = PostProfileViewController.swift; sourceTree = "<group>"; };
		CD7A89B81F4C2C79000966FE /* PostProfileViewController.xib */ = {isa = PBXFileReference; fileEncoding = 4; lastKnownFileType = file.xib; path = PostProfileViewController.xib; sourceTree = "<group>"; };
		CD81792C1F529248007BDD60 /* PostDummyVC.swift */ = {isa = PBXFileReference; fileEncoding = 4; lastKnownFileType = sourcecode.swift; path = PostDummyVC.swift; sourceTree = "<group>"; };
		CD81792D1F529248007BDD60 /* PostDummyVC.xib */ = {isa = PBXFileReference; fileEncoding = 4; lastKnownFileType = file.xib; path = PostDummyVC.xib; sourceTree = "<group>"; };
		CD9765FD1F46B5D600A62917 /* VideoViewController.swift */ = {isa = PBXFileReference; fileEncoding = 4; lastKnownFileType = sourcecode.swift; path = VideoViewController.swift; sourceTree = "<group>"; };
		CD9765FE1F46B5D600A62917 /* PhotoViewController.swift */ = {isa = PBXFileReference; fileEncoding = 4; lastKnownFileType = sourcecode.swift; path = PhotoViewController.swift; sourceTree = "<group>"; };
		CDDC923E1F4D262100A7EDE7 /* GoogleService-Info.plist */ = {isa = PBXFileReference; fileEncoding = 4; lastKnownFileType = text.plist.xml; path = "GoogleService-Info.plist"; sourceTree = "<group>"; };
		CDDC92411F4D2A9700A7EDE7 /* User.swift */ = {isa = PBXFileReference; fileEncoding = 4; lastKnownFileType = sourcecode.swift; path = User.swift; sourceTree = "<group>"; };
		CDDC92431F4D2AEE00A7EDE7 /* PostContent.swift */ = {isa = PBXFileReference; fileEncoding = 4; lastKnownFileType = sourcecode.swift; path = PostContent.swift; sourceTree = "<group>"; };
		CDDC92461F4D5AED00A7EDE7 /* BusinessService.swift */ = {isa = PBXFileReference; fileEncoding = 4; lastKnownFileType = sourcecode.swift; path = BusinessService.swift; sourceTree = "<group>"; };
		CDDC92481F4D5B4E00A7EDE7 /* pg.playground */ = {isa = PBXFileReference; lastKnownFileType = file.playground; path = pg.playground; sourceTree = "<group>"; };
/* End PBXFileReference section */

/* Begin PBXFrameworksBuildPhase section */
		CD3DB4701F45664D00A0F0F8 /* Frameworks */ = {
			isa = PBXFrameworksBuildPhase;
			buildActionMask = 2147483647;
			files = (
				514813551F580C27001EE830 /* CoreLocation.framework in Frameworks */,
				CF6CEC02EBF880DF649857F0 /* Pods_yellow.framework in Frameworks */,
			);
			runOnlyForDeploymentPostprocessing = 0;
		};
/* End PBXFrameworksBuildPhase section */

/* Begin PBXGroup section */
		51B8CAB11F46A72B00E701A1 /* Library */ = {
			isa = PBXGroup;
			children = (
				51C7284B1F628D0F0058596F /* PulleyLib */,
				51AC91771F61585C00605510 /* BadgeSwift.swift */,
				51ACC8BE1F4EBB3700091644 /* Extensions.swift */,
				51B8CABC1F46B0E800E701A1 /* Utility_AkeKit.swift */,
				51B8CAB21F46A72B00E701A1 /* Geohash */,
			);
			path = Library;
			sourceTree = "<group>";
		};
		51B8CAB21F46A72B00E701A1 /* Geohash */ = {
			isa = PBXGroup;
			children = (
				51B8CAB31F46A72B00E701A1 /* Geohash.swift */,
			);
			path = Geohash;
			sourceTree = "<group>";
		};
		51B8CAB91F46B0AF00E701A1 /* Model */ = {
			isa = PBXGroup;
			children = (
				51B8CABA1F46B0AF00E701A1 /* UserModel.swift */,
			);
			name = Model;
			path = yellow/Model;
			sourceTree = "<group>";
		};
		51C728261F6265DB0058596F /* Fonts */ = {
			isa = PBXGroup;
			children = (
				51C728271F6265DB0058596F /* ThaiSansNeue-Black.ttf */,
				51C728281F6265DB0058596F /* ThaiSansNeue-BlackItalic.ttf */,
				51C728291F6265DC0058596F /* ThaiSansNeue-Bold.ttf */,
				51C7282A1F6265DC0058596F /* ThaiSansNeue-BoldItalic.ttf */,
				51C7282B1F6265DC0058596F /* ThaiSansNeue-ExtraBold.ttf */,
				51C7282C1F6265DC0058596F /* ThaiSansNeue-ExtraBoldItali.ttf */,
				51C7282D1F6265DC0058596F /* ThaiSansNeue-ExtraLight.ttf */,
				51C7282E1F6265DC0058596F /* ThaiSansNeue-ExtraLightItal.ttf */,
				51C7282F1F6265DC0058596F /* ThaiSansNeue-Italic.ttf */,
				51C728301F6265DC0058596F /* ThaiSansNeue-Light.ttf */,
				51C728311F6265DC0058596F /* ThaiSansNeue-LightItalic.ttf */,
				51C728321F6265DC0058596F /* ThaiSansNeue-Regular.ttf */,
				51C728331F6265DC0058596F /* ThaiSansNeue-SemiBold.ttf */,
				51C728341F6265DC0058596F /* ThaiSansNeue-SemiBoldItalic.ttf */,
				51C728351F6265DC0058596F /* ThaiSansNeue-UltraBold.ttf */,
				51C728361F6265DC0058596F /* ThaiSansNeue-UltraBoldItali.ttf */,
				51C728371F6265DC0058596F /* ThaiSansNeue-UltraLight.ttf */,
				51C728381F6265DC0058596F /* ThaiSansNeue-UltraLightItal.ttf */,
			);
			path = Fonts;
			sourceTree = "<group>";
		};
		51C7284B1F628D0F0058596F /* PulleyLib */ = {
			isa = PBXGroup;
			children = (
				51C7284C1F628D0F0058596F /* PulleyPassthroughScrollView.swift */,
				51C7284D1F628D0F0058596F /* PulleyViewController+Nested.swift */,
				51C7284E1F628D0F0058596F /* PulleyViewController.swift */,
				51C7284F1F628D0F0058596F /* UIView+constrainToParent.swift */,
			);
			path = PulleyLib;
			sourceTree = "<group>";
		};
		AB13A8837EAE38B10C6E0827 /* Frameworks */ = {
			isa = PBXGroup;
			children = (
				514813541F580C27001EE830 /* CoreLocation.framework */,
				B9E88B4F2083490B48879FED /* Pods_yellow.framework */,
			);
			name = Frameworks;
			sourceTree = "<group>";
		};
		B5E9C0C4BCD4578F5E3B5F2E /* Pods */ = {
			isa = PBXGroup;
			children = (
				874C4C8BCE9AABE422E6070C /* Pods-yellow.debug.xcconfig */,
				AFE0ACB1925F02142F6B8BAE /* Pods-yellow.release.xcconfig */,
			);
			name = Pods;
			sourceTree = "<group>";
		};
		BE0443001F6279FB00A85AFC /* Controls */ = {
			isa = PBXGroup;
			children = (
				BE2D597A1F6FD28600E07FB6 /* ImageRoundCorner */,
				BEF69ABE1F69479F00FF8720 /* StickerPicker */,
				BE0443021F62818F00A85AFC /* AVPlayerManager */,
				BE0443011F62816600A85AFC /* FeedCollectionView */,
			);
			path = Controls;
			sourceTree = "<group>";
		};
		BE0443011F62816600A85AFC /* FeedCollectionView */ = {
			isa = PBXGroup;
			children = (
				BE0443031F62849500A85AFC /* FeedCollectionView.swift */,
				BE170D021F67F7F200CF6D20 /* FeedOperation.swift */,
			);
			path = FeedCollectionView;
			sourceTree = "<group>";
		};
		BE0443021F62818F00A85AFC /* AVPlayerManager */ = {
			isa = PBXGroup;
			children = (
				BE0443051F62849C00A85AFC /* AVPlayerManager.swift */,
			);
			path = AVPlayerManager;
			sourceTree = "<group>";
		};
		BE0443071F6284B500A85AFC /* Cells */ = {
			isa = PBXGroup;
			children = (
				BE0443081F6284CD00A85AFC /* FeedCell.swift */,
				BE0443091F6284CD00A85AFC /* FeedCell.xib */,
			);
			path = Cells;
			sourceTree = "<group>";
		};
		BE108F751F65B72900EDA590 /* CustomUI */ = {
			isa = PBXGroup;
			children = (
				BE108F761F65B75000EDA590 /* TopCurveFloatingView.swift */,
			);
			path = CustomUI;
			sourceTree = "<group>";
		};
		BE170D041F6834FA00CF6D20 /* ControlsTester */ = {
			isa = PBXGroup;
			children = (
				BE170D051F68355600CF6D20 /* SecondViewController.swift */,
				BE170D071F68357C00CF6D20 /* SecondViewModel.swift */,
				BE170D091F6835A500CF6D20 /* SecondViewController.xib */,
				BE170D0B1F68363300CF6D20 /* FeedItemModel.swift */,
			);
			path = ControlsTester;
			sourceTree = "<group>";
		};
		BE2D597A1F6FD28600E07FB6 /* ImageRoundCorner */ = {
			isa = PBXGroup;
			children = (
				BE2D597B1F6FD2D300E07FB6 /* ImageRoundCorner.swift */,
			);
			path = ImageRoundCorner;
			sourceTree = "<group>";
		};
		BEF69ABE1F69479F00FF8720 /* StickerPicker */ = {
			isa = PBXGroup;
			children = (
				BEF69ABF1F69479F00FF8720 /* StickerCell.swift */,
				BEF69AC01F69479F00FF8720 /* StickerCell.xib */,
				BEF69AC11F69479F00FF8720 /* StickerCollection.swift */,
				BEF69AC21F69479F00FF8720 /* StickerModel.swift */,
				BEF69AC31F69479F00FF8720 /* StickerPicker.swift */,
				BEF69AC41F69479F00FF8720 /* StickerSetPicker.swift */,
				BEF69AC51F69479F00FF8720 /* StickerSetPickerCell.swift */,
				BEF69AC61F69479F00FF8720 /* StickerSetPickerCell.xib */,
				BEF69AC71F69479F00FF8720 /* StickerSetPickerModel.swift */,
			);
			path = StickerPicker;
			sourceTree = "<group>";
		};
		CD1383421F53BD1D00CB049E /* Utils */ = {
			isa = PBXGroup;
			children = (
				51F6A8481F5D31BF0023DC1C /* Utilities.swift */,
				519B644F1F567F22008AB0EA /* FirebaseAPI.swift */,
				CD1383431F53BD3500CB049E /* StringUtils.swift */,
			);
			name = Utils;
			sourceTree = "<group>";
		};
		CD3DB46A1F45664D00A0F0F8 = {
			isa = PBXGroup;
			children = (
				CDDC92481F4D5B4E00A7EDE7 /* pg.playground */,
				CDDC92451F4D5ACF00A7EDE7 /* Services */,
				CDDC92401F4D2A7200A7EDE7 /* Models */,
				CD3DB4751F45664D00A0F0F8 /* yellow */,
				CD3DB4741F45664D00A0F0F8 /* Products */,
				B5E9C0C4BCD4578F5E3B5F2E /* Pods */,
				AB13A8837EAE38B10C6E0827 /* Frameworks */,
			);
			sourceTree = "<group>";
		};
		CD3DB4741F45664D00A0F0F8 /* Products */ = {
			isa = PBXGroup;
			children = (
				CD3DB4731F45664D00A0F0F8 /* Yellow.app */,
			);
			name = Products;
			sourceTree = "<group>";
		};
		CD3DB4751F45664D00A0F0F8 /* yellow */ = {
			isa = PBXGroup;
			children = (
				BE5B19B81F6A90F40077DC17 /* Yellow.entitlements */,
				BE170D041F6834FA00CF6D20 /* ControlsTester */,
				BE108F751F65B72900EDA590 /* CustomUI */,
				BE0443071F6284B500A85AFC /* Cells */,
				BE0443001F6279FB00A85AFC /* Controls */,
				51C728261F6265DB0058596F /* Fonts */,
				51AC91791F615DA700605510 /* DataConfig.swift */,
				CD1383421F53BD1D00CB049E /* Utils */,
				CDDC923E1F4D262100A7EDE7 /* GoogleService-Info.plist */,
				CD7A89B61F4C2C55000966FE /* Post */,
				CD24F4C31F46D97A001FBA86 /* LoginVC.swift */,
				CD24F4C41F46D97A001FBA86 /* LoginVC.xib */,
				CD3DB4821F45664D00A0F0F8 /* Info.plist */,
				CD9766041F46B66800A62917 /* swiftyCam */,
				51B8CAB11F46A72B00E701A1 /* Library */,
				CD3DB4761F45664D00A0F0F8 /* AppDelegate.swift */,
				51B8CAB51F46AE9A00E701A1 /* BaseViewController.swift */,
				CD3DB47A1F45664D00A0F0F8 /* Main.storyboard */,
				CD3DB47D1F45664D00A0F0F8 /* Assets.xcassets */,
				CD3DB47F1F45664D00A0F0F8 /* LaunchScreen.storyboard */,
				CD571EC91F457EC000ECB9C8 /* PostVC.swift */,
				CD571ECA1F457EC000ECB9C8 /* PostVC.xib */,
				CD571ECD1F457ED800ECB9C8 /* MyProfileVC.swift */,
				CD571ECE1F457ED800ECB9C8 /* MyProfileVC.xib */,
				CD571ED51F45837400ECB9C8 /* MapVC.swift */,
				CD571ED61F45837400ECB9C8 /* MapVC.xib */,
				5177D0E31F5EBE98000569AA /* FeedListVC.swift */,
				5177D0E41F5EBE98000569AA /* FeedListVC.xib */,
				51DFD48B1F5E9F49008D1A16 /* CustomAnnotation.swift */,
				CD571EDD1F4585A600ECB9C8 /* HomeVC.swift */,
				CD571EDE1F4585A600ECB9C8 /* HomeVC.xib */,
				CD81792C1F529248007BDD60 /* PostDummyVC.swift */,
				CD81792D1F529248007BDD60 /* PostDummyVC.xib */,
				5192D59C1F5FC01B00951EB9 /* CustomUITabBarController.swift */,
				515246691F654B49002D7DB1 /* MappingPinEmo.swift */,
				BED73CCC1F6A47C200E2798A /* StickerDataSetGenerator.swift */,
				BE2BAC621F70D8FF000C20A8 /* Locations.gpx */,
			);
			path = yellow;
			sourceTree = "<group>";
		};
		CD7A89B61F4C2C55000966FE /* Post */ = {
			isa = PBXGroup;
			children = (
				CD9765FE1F46B5D600A62917 /* PhotoViewController.swift */,
				CD9765FD1F46B5D600A62917 /* VideoViewController.swift */,
				CD24F4C11F46D2F1001FBA86 /* VideoViewController.xib */,
				CD7A89B71F4C2C79000966FE /* PostProfileViewController.swift */,
				CD7A89B81F4C2C79000966FE /* PostProfileViewController.xib */,
			);
			name = Post;
			sourceTree = "<group>";
		};
		CD9766041F46B66800A62917 /* swiftyCam */ = {
			isa = PBXGroup;
			children = (
				CD1383401F53AAE300CB049E /* SwiftyCamButton.swift */,
				CD06B6411F4EB10E00FD0C51 /* SwiftyRecordButton.swift */,
				51B8CAB91F46B0AF00E701A1 /* Model */,
			);
			name = swiftyCam;
			path = ..;
			sourceTree = "<group>";
		};
		CDDC92401F4D2A7200A7EDE7 /* Models */ = {
			isa = PBXGroup;
			children = (
				512502821F6681C900E0665C /* Serailizable.swift */,
				519B64531F5681FF008AB0EA /* FeedContent.swift */,
				519B64511F5680EF008AB0EA /* FeedViewModel.swift */,
				CDDC92411F4D2A9700A7EDE7 /* User.swift */,
				CDDC92431F4D2AEE00A7EDE7 /* PostContent.swift */,
			);
			name = Models;
			sourceTree = "<group>";
		};
		CDDC92451F4D5ACF00A7EDE7 /* Services */ = {
			isa = PBXGroup;
			children = (
				CDDC92461F4D5AED00A7EDE7 /* BusinessService.swift */,
			);
			name = Services;
			sourceTree = "<group>";
		};
/* End PBXGroup section */

/* Begin PBXNativeTarget section */
		CD3DB4721F45664D00A0F0F8 /* yellow */ = {
			isa = PBXNativeTarget;
			buildConfigurationList = CD3DB4851F45664D00A0F0F8 /* Build configuration list for PBXNativeTarget "yellow" */;
			buildPhases = (
				6FD0C5077D68875130EF2CA8 /* [CP] Check Pods Manifest.lock */,
				CD3DB46F1F45664D00A0F0F8 /* Sources */,
				CD3DB4701F45664D00A0F0F8 /* Frameworks */,
				CD3DB4711F45664D00A0F0F8 /* Resources */,
				0A8E5081AA02855DC6ABCD1B /* [CP] Embed Pods Frameworks */,
				7C7E73D05B393A43BEE0D0C9 /* [CP] Copy Pods Resources */,
			);
			buildRules = (
			);
			dependencies = (
			);
			name = yellow;
			productName = yellow;
			productReference = CD3DB4731F45664D00A0F0F8 /* Yellow.app */;
			productType = "com.apple.product-type.application";
		};
/* End PBXNativeTarget section */

/* Begin PBXProject section */
		CD3DB46B1F45664D00A0F0F8 /* Project object */ = {
			isa = PBXProject;
			attributes = {
				LastSwiftUpdateCheck = 0830;
				LastUpgradeCheck = 0830;
				ORGANIZATIONNAME = 23;
				TargetAttributes = {
					CD3DB4721F45664D00A0F0F8 = {
						CreatedOnToolsVersion = 8.3.3;
						DevelopmentTeam = 8J8JM2E96L;
						LastSwiftMigration = 0830;
						ProvisioningStyle = Manual;
						SystemCapabilities = {
							com.apple.Push = {
								enabled = 1;
							};
						};
					};
				};
			};
			buildConfigurationList = CD3DB46E1F45664D00A0F0F8 /* Build configuration list for PBXProject "yellow" */;
			compatibilityVersion = "Xcode 3.2";
			developmentRegion = English;
			hasScannedForEncodings = 0;
			knownRegions = (
				en,
				Base,
			);
			mainGroup = CD3DB46A1F45664D00A0F0F8;
			productRefGroup = CD3DB4741F45664D00A0F0F8 /* Products */;
			projectDirPath = "";
			projectRoot = "";
			targets = (
				CD3DB4721F45664D00A0F0F8 /* yellow */,
			);
		};
/* End PBXProject section */

/* Begin PBXResourcesBuildPhase section */
		CD3DB4711F45664D00A0F0F8 /* Resources */ = {
			isa = PBXResourcesBuildPhase;
			buildActionMask = 2147483647;
			files = (
				51C728481F6265DC0058596F /* ThaiSansNeue-UltraBoldItali.ttf in Resources */,
				BEF69AC91F69479F00FF8720 /* StickerCell.xib in Resources */,
				51C7283A1F6265DC0058596F /* ThaiSansNeue-BlackItalic.ttf in Resources */,
				51C728491F6265DC0058596F /* ThaiSansNeue-UltraLight.ttf in Resources */,
				CD24F4C61F46D97A001FBA86 /* LoginVC.xib in Resources */,
				CD7A89BA1F4C2C79000966FE /* PostProfileViewController.xib in Resources */,
				51C728471F6265DC0058596F /* ThaiSansNeue-UltraBold.ttf in Resources */,
				51C728441F6265DC0058596F /* ThaiSansNeue-Regular.ttf in Resources */,
				51C7283C1F6265DC0058596F /* ThaiSansNeue-BoldItalic.ttf in Resources */,
				51C728461F6265DC0058596F /* ThaiSansNeue-SemiBoldItalic.ttf in Resources */,
				51C7283D1F6265DC0058596F /* ThaiSansNeue-ExtraBold.ttf in Resources */,
				CD571ECC1F457EC000ECB9C8 /* PostVC.xib in Resources */,
				CD571ED81F45837400ECB9C8 /* MapVC.xib in Resources */,
				51C728421F6265DC0058596F /* ThaiSansNeue-Light.ttf in Resources */,
				CD571EC61F457E6F00ECB9C8 /* (null) in Resources */,
				51C728401F6265DC0058596F /* ThaiSansNeue-ExtraLightItal.ttf in Resources */,
				51C7283F1F6265DC0058596F /* ThaiSansNeue-ExtraLight.ttf in Resources */,
				CDDC923F1F4D262100A7EDE7 /* GoogleService-Info.plist in Resources */,
				5177D0E61F5EBE98000569AA /* FeedListVC.xib in Resources */,
				BE04430B1F6284CD00A85AFC /* FeedCell.xib in Resources */,
				51C728451F6265DC0058596F /* ThaiSansNeue-SemiBold.ttf in Resources */,
				CD3DB4811F45664D00A0F0F8 /* LaunchScreen.storyboard in Resources */,
				CD571ED01F457ED800ECB9C8 /* MyProfileVC.xib in Resources */,
				51C728391F6265DC0058596F /* ThaiSansNeue-Black.ttf in Resources */,
				CD571EE01F4585A600ECB9C8 /* HomeVC.xib in Resources */,
				CD3DB47E1F45664D00A0F0F8 /* Assets.xcassets in Resources */,
				CD81792F1F529248007BDD60 /* PostDummyVC.xib in Resources */,
				51C7283E1F6265DC0058596F /* ThaiSansNeue-ExtraBoldItali.ttf in Resources */,
				BEF69ACF1F69479F00FF8720 /* StickerSetPickerCell.xib in Resources */,
				51C7284A1F6265DC0058596F /* ThaiSansNeue-UltraLightItal.ttf in Resources */,
				CD3DB47C1F45664D00A0F0F8 /* Main.storyboard in Resources */,
				51C728411F6265DC0058596F /* ThaiSansNeue-Italic.ttf in Resources */,
				51C7283B1F6265DC0058596F /* ThaiSansNeue-Bold.ttf in Resources */,
				51C728431F6265DC0058596F /* ThaiSansNeue-LightItalic.ttf in Resources */,
				BE170D0A1F6835A500CF6D20 /* SecondViewController.xib in Resources */,
				CD24F4C21F46D2F1001FBA86 /* VideoViewController.xib in Resources */,
			);
			runOnlyForDeploymentPostprocessing = 0;
		};
/* End PBXResourcesBuildPhase section */

/* Begin PBXShellScriptBuildPhase section */
		0A8E5081AA02855DC6ABCD1B /* [CP] Embed Pods Frameworks */ = {
			isa = PBXShellScriptBuildPhase;
			buildActionMask = 2147483647;
			files = (
			);
			inputPaths = (
			);
			name = "[CP] Embed Pods Frameworks";
			outputPaths = (
			);
			runOnlyForDeploymentPostprocessing = 0;
			shellPath = /bin/sh;
			shellScript = "\"${SRCROOT}/Pods/Target Support Files/Pods-yellow/Pods-yellow-frameworks.sh\"\n";
			showEnvVarsInLog = 0;
		};
		6FD0C5077D68875130EF2CA8 /* [CP] Check Pods Manifest.lock */ = {
			isa = PBXShellScriptBuildPhase;
			buildActionMask = 2147483647;
			files = (
			);
			inputPaths = (
			);
			name = "[CP] Check Pods Manifest.lock";
			outputPaths = (
			);
			runOnlyForDeploymentPostprocessing = 0;
			shellPath = /bin/sh;
			shellScript = "diff \"${PODS_PODFILE_DIR_PATH}/Podfile.lock\" \"${PODS_ROOT}/Manifest.lock\" > /dev/null\nif [ $? != 0 ] ; then\n    # print error to STDERR\n    echo \"error: The sandbox is not in sync with the Podfile.lock. Run 'pod install' or update your CocoaPods installation.\" >&2\n    exit 1\nfi\n";
			showEnvVarsInLog = 0;
		};
		7C7E73D05B393A43BEE0D0C9 /* [CP] Copy Pods Resources */ = {
			isa = PBXShellScriptBuildPhase;
			buildActionMask = 2147483647;
			files = (
			);
			inputPaths = (
			);
			name = "[CP] Copy Pods Resources";
			outputPaths = (
			);
			runOnlyForDeploymentPostprocessing = 0;
			shellPath = /bin/sh;
			shellScript = "\"${SRCROOT}/Pods/Target Support Files/Pods-yellow/Pods-yellow-resources.sh\"\n";
			showEnvVarsInLog = 0;
		};
/* End PBXShellScriptBuildPhase section */

/* Begin PBXSourcesBuildPhase section */
		CD3DB46F1F45664D00A0F0F8 /* Sources */ = {
			isa = PBXSourcesBuildPhase;
			buildActionMask = 2147483647;
			files = (
				BEF69ACD1F69479F00FF8720 /* StickerSetPicker.swift in Sources */,
				519B64521F5680EF008AB0EA /* FeedViewModel.swift in Sources */,
				51C728531F628D0F0058596F /* UIView+constrainToParent.swift in Sources */,
				5177D0E51F5EBE98000569AA /* FeedListVC.swift in Sources */,
				BEF69ACB1F69479F00FF8720 /* StickerModel.swift in Sources */,
				51C728511F628D0F0058596F /* PulleyViewController+Nested.swift in Sources */,
				CD571ECF1F457ED800ECB9C8 /* MyProfileVC.swift in Sources */,
				BEF69AC81F69479F00FF8720 /* StickerCell.swift in Sources */,
				CD571EDF1F4585A600ECB9C8 /* HomeVC.swift in Sources */,
				51C728521F628D0F0058596F /* PulleyViewController.swift in Sources */,
				BED73CCD1F6A47C200E2798A /* StickerDataSetGenerator.swift in Sources */,
				CD7A89B91F4C2C79000966FE /* PostProfileViewController.swift in Sources */,
				CDDC92441F4D2AEE00A7EDE7 /* PostContent.swift in Sources */,
				CD24F4C51F46D97A001FBA86 /* LoginVC.swift in Sources */,
				CD0FE6301F4EB221007049B2 /* VideoViewController.swift in Sources */,
				CD571EC51F457E6F00ECB9C8 /* (null) in Sources */,
				519B64501F567F22008AB0EA /* FirebaseAPI.swift in Sources */,
				CD571EC51F457E6F00ECB9C8 /* (null) in Sources */,
				51C728501F628D0F0058596F /* PulleyPassthroughScrollView.swift in Sources */,
				BE170D061F68355600CF6D20 /* SecondViewController.swift in Sources */,
				BE170D0C1F68363300CF6D20 /* FeedItemModel.swift in Sources */,
				CD1383441F53BD3500CB049E /* StringUtils.swift in Sources */,
				51B8CABD1F46B0E800E701A1 /* Utility_AkeKit.swift in Sources */,
				BEF69AD01F69479F00FF8720 /* StickerSetPickerModel.swift in Sources */,
				CD571ED71F45837400ECB9C8 /* MapVC.swift in Sources */,
				BE108F771F65B75000EDA590 /* TopCurveFloatingView.swift in Sources */,
				BE0443041F62849500A85AFC /* FeedCollectionView.swift in Sources */,
				BEF69ACA1F69479F00FF8720 /* StickerCollection.swift in Sources */,
				CD3DB4771F45664D00A0F0F8 /* AppDelegate.swift in Sources */,
				512502831F6681C900E0665C /* Serailizable.swift in Sources */,
				5152466A1F654B49002D7DB1 /* MappingPinEmo.swift in Sources */,
				BE2D597C1F6FD2D300E07FB6 /* ImageRoundCorner.swift in Sources */,
				CD06B6421F4EB10E00FD0C51 /* SwiftyRecordButton.swift in Sources */,
				51F6A8491F5D31BF0023DC1C /* Utilities.swift in Sources */,
				CD1383411F53AAE300CB049E /* SwiftyCamButton.swift in Sources */,
				BE04430A1F6284CD00A85AFC /* FeedCell.swift in Sources */,
				5192D59D1F5FC01B00951EB9 /* CustomUITabBarController.swift in Sources */,
				51B8CAB61F46AE9A00E701A1 /* BaseViewController.swift in Sources */,
				51ACC8BF1F4EBB3700091644 /* Extensions.swift in Sources */,
				CD571ECB1F457EC000ECB9C8 /* PostVC.swift in Sources */,
				CD81792E1F529248007BDD60 /* PostDummyVC.swift in Sources */,
				51AC91781F61585C00605510 /* BadgeSwift.swift in Sources */,
				BE170D031F67F7F200CF6D20 /* FeedOperation.swift in Sources */,
				BE0443061F62849C00A85AFC /* AVPlayerManager.swift in Sources */,
				519B64541F5681FF008AB0EA /* FeedContent.swift in Sources */,
				BEF69ACC1F69479F00FF8720 /* StickerPicker.swift in Sources */,
				CD9766011F46B5D600A62917 /* PhotoViewController.swift in Sources */,
				BEF69ACE1F69479F00FF8720 /* StickerSetPickerCell.swift in Sources */,
				51AC917A1F615DA700605510 /* DataConfig.swift in Sources */,
				51B8CABB1F46B0AF00E701A1 /* UserModel.swift in Sources */,
				BE170D081F68357C00CF6D20 /* SecondViewModel.swift in Sources */,
				51B8CAB41F46A72B00E701A1 /* Geohash.swift in Sources */,
				CDDC92421F4D2A9700A7EDE7 /* User.swift in Sources */,
				51DFD48D1F5E9F49008D1A16 /* CustomAnnotation.swift in Sources */,
			);
			runOnlyForDeploymentPostprocessing = 0;
		};
/* End PBXSourcesBuildPhase section */

/* Begin PBXVariantGroup section */
		CD3DB47A1F45664D00A0F0F8 /* Main.storyboard */ = {
			isa = PBXVariantGroup;
			children = (
				CD3DB47B1F45664D00A0F0F8 /* Base */,
			);
			name = Main.storyboard;
			sourceTree = "<group>";
		};
		CD3DB47F1F45664D00A0F0F8 /* LaunchScreen.storyboard */ = {
			isa = PBXVariantGroup;
			children = (
				CD3DB4801F45664D00A0F0F8 /* Base */,
			);
			name = LaunchScreen.storyboard;
			sourceTree = "<group>";
		};
/* End PBXVariantGroup section */

/* Begin XCBuildConfiguration section */
		CD3DB4831F45664D00A0F0F8 /* Debug */ = {
			isa = XCBuildConfiguration;
			buildSettings = {
				ALWAYS_SEARCH_USER_PATHS = NO;
				CLANG_ANALYZER_NONNULL = YES;
				CLANG_ANALYZER_NUMBER_OBJECT_CONVERSION = YES_AGGRESSIVE;
				CLANG_CXX_LANGUAGE_STANDARD = "gnu++0x";
				CLANG_CXX_LIBRARY = "libc++";
				CLANG_ENABLE_MODULES = YES;
				CLANG_ENABLE_OBJC_ARC = YES;
				CLANG_WARN_BOOL_CONVERSION = YES;
				CLANG_WARN_CONSTANT_CONVERSION = YES;
				CLANG_WARN_DIRECT_OBJC_ISA_USAGE = YES_ERROR;
				CLANG_WARN_DOCUMENTATION_COMMENTS = YES;
				CLANG_WARN_EMPTY_BODY = YES;
				CLANG_WARN_ENUM_CONVERSION = YES;
				CLANG_WARN_INFINITE_RECURSION = YES;
				CLANG_WARN_INT_CONVERSION = YES;
				CLANG_WARN_OBJC_ROOT_CLASS = YES_ERROR;
				CLANG_WARN_SUSPICIOUS_MOVE = YES;
				CLANG_WARN_UNREACHABLE_CODE = YES;
				CLANG_WARN__DUPLICATE_METHOD_MATCH = YES;
				"CODE_SIGN_IDENTITY[sdk=iphoneos*]" = "iPhone Developer";
				COPY_PHASE_STRIP = NO;
				DEBUG_INFORMATION_FORMAT = dwarf;
				ENABLE_STRICT_OBJC_MSGSEND = YES;
				ENABLE_TESTABILITY = YES;
				GCC_C_LANGUAGE_STANDARD = gnu99;
				GCC_DYNAMIC_NO_PIC = NO;
				GCC_NO_COMMON_BLOCKS = YES;
				GCC_OPTIMIZATION_LEVEL = 0;
				GCC_PREPROCESSOR_DEFINITIONS = (
					"DEBUG=1",
					"$(inherited)",
				);
				GCC_WARN_64_TO_32_BIT_CONVERSION = YES;
				GCC_WARN_ABOUT_RETURN_TYPE = YES_ERROR;
				GCC_WARN_UNDECLARED_SELECTOR = YES;
				GCC_WARN_UNINITIALIZED_AUTOS = YES_AGGRESSIVE;
				GCC_WARN_UNUSED_FUNCTION = YES;
				GCC_WARN_UNUSED_VARIABLE = YES;
				IPHONEOS_DEPLOYMENT_TARGET = 10.3;
				MTL_ENABLE_DEBUG_INFO = YES;
				ONLY_ACTIVE_ARCH = YES;
				SDKROOT = iphoneos;
				SWIFT_ACTIVE_COMPILATION_CONDITIONS = DEBUG;
				SWIFT_OPTIMIZATION_LEVEL = "-Onone";
			};
			name = Debug;
		};
		CD3DB4841F45664D00A0F0F8 /* Release */ = {
			isa = XCBuildConfiguration;
			buildSettings = {
				ALWAYS_SEARCH_USER_PATHS = NO;
				CLANG_ANALYZER_NONNULL = YES;
				CLANG_ANALYZER_NUMBER_OBJECT_CONVERSION = YES_AGGRESSIVE;
				CLANG_CXX_LANGUAGE_STANDARD = "gnu++0x";
				CLANG_CXX_LIBRARY = "libc++";
				CLANG_ENABLE_MODULES = YES;
				CLANG_ENABLE_OBJC_ARC = YES;
				CLANG_WARN_BOOL_CONVERSION = YES;
				CLANG_WARN_CONSTANT_CONVERSION = YES;
				CLANG_WARN_DIRECT_OBJC_ISA_USAGE = YES_ERROR;
				CLANG_WARN_DOCUMENTATION_COMMENTS = YES;
				CLANG_WARN_EMPTY_BODY = YES;
				CLANG_WARN_ENUM_CONVERSION = YES;
				CLANG_WARN_INFINITE_RECURSION = YES;
				CLANG_WARN_INT_CONVERSION = YES;
				CLANG_WARN_OBJC_ROOT_CLASS = YES_ERROR;
				CLANG_WARN_SUSPICIOUS_MOVE = YES;
				CLANG_WARN_UNREACHABLE_CODE = YES;
				CLANG_WARN__DUPLICATE_METHOD_MATCH = YES;
				"CODE_SIGN_IDENTITY[sdk=iphoneos*]" = "iPhone Developer";
				COPY_PHASE_STRIP = NO;
				DEBUG_INFORMATION_FORMAT = "dwarf-with-dsym";
				ENABLE_NS_ASSERTIONS = NO;
				ENABLE_STRICT_OBJC_MSGSEND = YES;
				GCC_C_LANGUAGE_STANDARD = gnu99;
				GCC_NO_COMMON_BLOCKS = YES;
				GCC_WARN_64_TO_32_BIT_CONVERSION = YES;
				GCC_WARN_ABOUT_RETURN_TYPE = YES_ERROR;
				GCC_WARN_UNDECLARED_SELECTOR = YES;
				GCC_WARN_UNINITIALIZED_AUTOS = YES_AGGRESSIVE;
				GCC_WARN_UNUSED_FUNCTION = YES;
				GCC_WARN_UNUSED_VARIABLE = YES;
				IPHONEOS_DEPLOYMENT_TARGET = 10.3;
				MTL_ENABLE_DEBUG_INFO = NO;
				SDKROOT = iphoneos;
				SWIFT_OPTIMIZATION_LEVEL = "-Owholemodule";
				VALIDATE_PRODUCT = YES;
			};
			name = Release;
		};
		CD3DB4861F45664D00A0F0F8 /* Debug */ = {
			isa = XCBuildConfiguration;
			baseConfigurationReference = 874C4C8BCE9AABE422E6070C /* Pods-yellow.debug.xcconfig */;
			buildSettings = {
				ASSETCATALOG_COMPILER_APPICON_NAME = AppIcon;
				CLANG_ENABLE_MODULES = YES;
				CODE_SIGN_ENTITLEMENTS = yellow/Yellow.entitlements;
				CODE_SIGN_IDENTITY = "iPhone Developer: Nattapong Laksomya (565REL992L)";
				"CODE_SIGN_IDENTITY[sdk=iphoneos*]" = "iPhone Developer: Nattapong Laksomya (565REL992L)";
				DEVELOPMENT_TEAM = 8J8JM2E96L;
				INFOPLIST_FILE = yellow/Info.plist;
				IPHONEOS_DEPLOYMENT_TARGET = 9.0;
				LD_RUNPATH_SEARCH_PATHS = "$(inherited) @executable_path/Frameworks";
				PRODUCT_BUNDLE_IDENTIFIER = com.product23.yellow;
				PRODUCT_NAME = Yellow;
				PROVISIONING_PROFILE = "8ce6be89-d2f0-4a11-a0ca-97ad1f1ce78c";
				PROVISIONING_PROFILE_SPECIFIER = Yellow_Enterprise_Dev;
				SWIFT_OBJC_BRIDGING_HEADER = "";
				SWIFT_OPTIMIZATION_LEVEL = "-Onone";
				SWIFT_VERSION = 3.0;
			};
			name = Debug;
		};
		CD3DB4871F45664D00A0F0F8 /* Release */ = {
			isa = XCBuildConfiguration;
			baseConfigurationReference = AFE0ACB1925F02142F6B8BAE /* Pods-yellow.release.xcconfig */;
			buildSettings = {
				ASSETCATALOG_COMPILER_APPICON_NAME = AppIcon;
				CLANG_ENABLE_MODULES = YES;
				CODE_SIGN_ENTITLEMENTS = yellow/Yellow.entitlements;
				CODE_SIGN_IDENTITY = "iPhone Developer: Nattapong Laksomya (565REL992L)";
				"CODE_SIGN_IDENTITY[sdk=iphoneos*]" = "iPhone Developer: Nattapong Laksomya (565REL992L)";
				DEVELOPMENT_TEAM = 8J8JM2E96L;
				INFOPLIST_FILE = yellow/Info.plist;
				IPHONEOS_DEPLOYMENT_TARGET = 9.0;
				LD_RUNPATH_SEARCH_PATHS = "$(inherited) @executable_path/Frameworks";
				PRODUCT_BUNDLE_IDENTIFIER = com.product23.yellow;
				PRODUCT_NAME = Yellow;
				PROVISIONING_PROFILE = "8ce6be89-d2f0-4a11-a0ca-97ad1f1ce78c";
				PROVISIONING_PROFILE_SPECIFIER = Yellow_Enterprise_Dev;
				SWIFT_OBJC_BRIDGING_HEADER = "";
				SWIFT_VERSION = 3.0;
			};
			name = Release;
		};
/* End XCBuildConfiguration section */

/* Begin XCConfigurationList section */
		CD3DB46E1F45664D00A0F0F8 /* Build configuration list for PBXProject "yellow" */ = {
			isa = XCConfigurationList;
			buildConfigurations = (
				CD3DB4831F45664D00A0F0F8 /* Debug */,
				CD3DB4841F45664D00A0F0F8 /* Release */,
			);
			defaultConfigurationIsVisible = 0;
			defaultConfigurationName = Release;
		};
		CD3DB4851F45664D00A0F0F8 /* Build configuration list for PBXNativeTarget "yellow" */ = {
			isa = XCConfigurationList;
			buildConfigurations = (
				CD3DB4861F45664D00A0F0F8 /* Debug */,
				CD3DB4871F45664D00A0F0F8 /* Release */,
			);
			defaultConfigurationIsVisible = 0;
			defaultConfigurationName = Release;
		};
/* End XCConfigurationList section */
	};
	rootObject = CD3DB46B1F45664D00A0F0F8 /* Project object */;
}
